// !$*UTF8*$!
{
	archiveVersion = 1;
	classes = {
	};
	objectVersion = 46;
	objects = {

/* Begin PBXBuildFile section */
		11076EA81F62867D002AA6D5 /* SearchViewController.swift in Sources */ = {isa = PBXBuildFile; fileRef = 11076EA71F62867D002AA6D5 /* SearchViewController.swift */; };
		11076EAC1F6286A4002AA6D5 /* SearchPresenter.swift in Sources */ = {isa = PBXBuildFile; fileRef = 11076EAB1F6286A4002AA6D5 /* SearchPresenter.swift */; };
		11076EAE1F6286B4002AA6D5 /* SearchViewRouter.swift in Sources */ = {isa = PBXBuildFile; fileRef = 11076EAD1F6286B4002AA6D5 /* SearchViewRouter.swift */; };
		11076EB01F6286C0002AA6D5 /* SearchConfigurator.swift in Sources */ = {isa = PBXBuildFile; fileRef = 11076EAF1F6286C0002AA6D5 /* SearchConfigurator.swift */; };
		11076EB21F628A07002AA6D5 /* Search.storyboard in Resources */ = {isa = PBXBuildFile; fileRef = 11076EB11F628A07002AA6D5 /* Search.storyboard */; };
		11076EB41F6299DE002AA6D5 /* SearchBookCell.swift in Sources */ = {isa = PBXBuildFile; fileRef = 11076EB31F6299DE002AA6D5 /* SearchBookCell.swift */; };
		114F9C351F68C5A60098674E /* ListItems.swift in Sources */ = {isa = PBXBuildFile; fileRef = 114F9C341F68C5A60098674E /* ListItems.swift */; };
		11712DB91F6A0E260093C5FF /* SearchBookParams.swift in Sources */ = {isa = PBXBuildFile; fileRef = 11712DB81F6A0E260093C5FF /* SearchBookParams.swift */; };
		117162B61F6B89600045A59E /* BookingBookParams.swift in Sources */ = {isa = PBXBuildFile; fileRef = 117162B51F6B89600045A59E /* BookingBookParams.swift */; };
		224C0F291F604808007BEA04 /* UsersProvider.swift in Sources */ = {isa = PBXBuildFile; fileRef = 224C0F281F604808007BEA04 /* UsersProvider.swift */; };
		224C0F2B1F604B86007BEA04 /* Office.swift in Sources */ = {isa = PBXBuildFile; fileRef = 224C0F2A1F604B86007BEA04 /* Office.swift */; };
		224C0F2D1F604C10007BEA04 /* OfficeProvider.swift in Sources */ = {isa = PBXBuildFile; fileRef = 224C0F2C1F604C10007BEA04 /* OfficeProvider.swift */; };
		22C480611F6040A400DB7A4C /* User.swift in Sources */ = {isa = PBXBuildFile; fileRef = 22C480601F6040A400DB7A4C /* User.swift */; };
		22C480631F6043F800DB7A4C /* BaseProvider.swift in Sources */ = {isa = PBXBuildFile; fileRef = 22C480621F6043F800DB7A4C /* BaseProvider.swift */; };
		22C480651F60445A00DB7A4C /* AuthenticationProvider.swift in Sources */ = {isa = PBXBuildFile; fileRef = 22C480641F60445A00DB7A4C /* AuthenticationProvider.swift */; };
		22E076A21F61BDD000869A05 /* String+Extensions.swift in Sources */ = {isa = PBXBuildFile; fileRef = 22E076A11F61BDD000869A05 /* String+Extensions.swift */; };
		22E076A61F61D15300869A05 /* Error+Extensions.swift in Sources */ = {isa = PBXBuildFile; fileRef = 22E076A51F61D15300869A05 /* Error+Extensions.swift */; };
		4B8089C91F6A854B0072E0BB /* TimeFormatter.swift in Sources */ = {isa = PBXBuildFile; fileRef = 4B8089C81F6A854B0072E0BB /* TimeFormatter.swift */; };
		4B8F9BD71F6A633900B74769 /* UserReviewTableViewCell.swift in Sources */ = {isa = PBXBuildFile; fileRef = 4B8F9BD51F6A633900B74769 /* UserReviewTableViewCell.swift */; };
		4B8F9BD81F6A633900B74769 /* UserReviewTableViewCell.xib in Resources */ = {isa = PBXBuildFile; fileRef = 4B8F9BD61F6A633900B74769 /* UserReviewTableViewCell.xib */; };
		4B8F9BDB1F6A711100B74769 /* BasicDetailTableViewCell.swift in Sources */ = {isa = PBXBuildFile; fileRef = 4B8F9BD91F6A711100B74769 /* BasicDetailTableViewCell.swift */; };
		4B8F9BDC1F6A711100B74769 /* BasicDetailTableViewCell.xib in Resources */ = {isa = PBXBuildFile; fileRef = 4B8F9BDA1F6A711100B74769 /* BasicDetailTableViewCell.xib */; };
		4B8F9BDE1F6A75BF00B74769 /* Array+Extensions.swift in Sources */ = {isa = PBXBuildFile; fileRef = 4B8F9BDD1F6A75BF00B74769 /* Array+Extensions.swift */; };
		4B8F9BE11F6A7AF200B74769 /* BookDetailHeaderView.swift in Sources */ = {isa = PBXBuildFile; fileRef = 4B8F9BE01F6A7AF200B74769 /* BookDetailHeaderView.swift */; };
		4B8F9BE31F6A7B5700B74769 /* BookDetailHeaderView.xib in Resources */ = {isa = PBXBuildFile; fileRef = 4B8F9BE21F6A7B5700B74769 /* BookDetailHeaderView.xib */; };
		4BAB823F1F678E4000E52FB1 /* BookDetailViewController.swift in Sources */ = {isa = PBXBuildFile; fileRef = 4BAB823E1F678E4000E52FB1 /* BookDetailViewController.swift */; };
		4BAB82411F678E5900E52FB1 /* BookDetailPresenter.swift in Sources */ = {isa = PBXBuildFile; fileRef = 4BAB82401F678E5900E52FB1 /* BookDetailPresenter.swift */; };
		4BAB82431F678E8D00E52FB1 /* BookDetailViewRouter.swift in Sources */ = {isa = PBXBuildFile; fileRef = 4BAB82421F678E8D00E52FB1 /* BookDetailViewRouter.swift */; };
		4BAB82451F678EA300E52FB1 /* BookDetailConfigurator.swift in Sources */ = {isa = PBXBuildFile; fileRef = 4BAB82441F678EA300E52FB1 /* BookDetailConfigurator.swift */; };
		4BACDBBF1F67704A00881AA0 /* BookDetail.storyboard in Resources */ = {isa = PBXBuildFile; fileRef = 4BACDBBE1F67704A00881AA0 /* BookDetail.storyboard */; };
		4F8D65427777E567BBA2A460 /* Pods_FBook.framework in Frameworks */ = {isa = PBXBuildFile; fileRef = 93B87F1A25FE163B3B4DFFD4 /* Pods_FBook.framework */; };
		6F6909735A1B5F94B195D69D /* Pods_FBookTests.framework in Frameworks */ = {isa = PBXBuildFile; fileRef = DE86A6CBBAFF37FC4EEBB418 /* Pods_FBookTests.framework */; };
		7703B3561F6A396A00CDF69D /* UIStoryboard+Extensions.swift in Sources */ = {isa = PBXBuildFile; fileRef = 7703B3551F6A396A00CDF69D /* UIStoryboard+Extensions.swift */; };
		772614861F661EC8004D6943 /* UITableView+Extensions.swift in Sources */ = {isa = PBXBuildFile; fileRef = 772614851F661EC8004D6943 /* UITableView+Extensions.swift */; };
		772614881F661ED4004D6943 /* UICollectionView+Extensions.swift in Sources */ = {isa = PBXBuildFile; fileRef = 772614871F661ED4004D6943 /* UICollectionView+Extensions.swift */; };
		7726148A1F661F14004D6943 /* UINib+Extensions.swift in Sources */ = {isa = PBXBuildFile; fileRef = 772614891F661F14004D6943 /* UINib+Extensions.swift */; };
		7726148C1F6625AE004D6943 /* UIView+Extensions.swift in Sources */ = {isa = PBXBuildFile; fileRef = 7726148B1F6625AE004D6943 /* UIView+Extensions.swift */; };
		772614941F6637AD004D6943 /* Home.storyboard in Resources */ = {isa = PBXBuildFile; fileRef = 772614931F6637AD004D6943 /* Home.storyboard */; };
		772614961F6660BB004D6943 /* UIImageView+Extensions.swift in Sources */ = {isa = PBXBuildFile; fileRef = 772614951F6660BB004D6943 /* UIImageView+Extensions.swift */; };
		772614A81F669259004D6943 /* HomeCellConfigurator.swift in Sources */ = {isa = PBXBuildFile; fileRef = 772614A01F669259004D6943 /* HomeCellConfigurator.swift */; };
		772614A91F669259004D6943 /* HomeCellPresenter.swift in Sources */ = {isa = PBXBuildFile; fileRef = 772614A11F669259004D6943 /* HomeCellPresenter.swift */; };
		772614AA1F669259004D6943 /* HomeHeader.xib in Resources */ = {isa = PBXBuildFile; fileRef = 772614A21F669259004D6943 /* HomeHeader.xib */; };
		772614AB1F669259004D6943 /* HomeHeaderConfigurator.swift in Sources */ = {isa = PBXBuildFile; fileRef = 772614A31F669259004D6943 /* HomeHeaderConfigurator.swift */; };
		772614AC1F669259004D6943 /* HomeHeaderPresenter.swift in Sources */ = {isa = PBXBuildFile; fileRef = 772614A41F669259004D6943 /* HomeHeaderPresenter.swift */; };
		772614AD1F669259004D6943 /* HomeHeaderView.swift in Sources */ = {isa = PBXBuildFile; fileRef = 772614A51F669259004D6943 /* HomeHeaderView.swift */; };
		772614AE1F669259004D6943 /* HomeTableViewCell.swift in Sources */ = {isa = PBXBuildFile; fileRef = 772614A61F669259004D6943 /* HomeTableViewCell.swift */; };
		772614AF1F669259004D6943 /* HomeTableViewCell.xib in Resources */ = {isa = PBXBuildFile; fileRef = 772614A71F669259004D6943 /* HomeTableViewCell.xib */; };
		772614B61F669264004D6943 /* BookCollectionViewCell.swift in Sources */ = {isa = PBXBuildFile; fileRef = 772614B21F669264004D6943 /* BookCollectionViewCell.swift */; };
		772614B71F669264004D6943 /* BookCollectionViewCell.xib in Resources */ = {isa = PBXBuildFile; fileRef = 772614B31F669264004D6943 /* BookCollectionViewCell.xib */; };
		77A6EAC71F68C05300EE384B /* MenuSettingConfigurator.swift in Sources */ = {isa = PBXBuildFile; fileRef = 77A6EAC21F68C05300EE384B /* MenuSettingConfigurator.swift */; };
		77A6EAC81F68C05300EE384B /* MenuSettingPresenter.swift in Sources */ = {isa = PBXBuildFile; fileRef = 77A6EAC31F68C05300EE384B /* MenuSettingPresenter.swift */; };
		77A6EAC91F68C05300EE384B /* MenuSettingRouter.swift in Sources */ = {isa = PBXBuildFile; fileRef = 77A6EAC41F68C05300EE384B /* MenuSettingRouter.swift */; };
		77A6EACA1F68C05300EE384B /* MenuSettingViewController.swift in Sources */ = {isa = PBXBuildFile; fileRef = 77A6EAC51F68C05300EE384B /* MenuSettingViewController.swift */; };
		77A6EACB1F68C05300EE384B /* MenuSettingViewController.xib in Resources */ = {isa = PBXBuildFile; fileRef = 77A6EAC61F68C05300EE384B /* MenuSettingViewController.xib */; };
		77A6EACF1F68C06500EE384B /* BaseViewRouter.swift in Sources */ = {isa = PBXBuildFile; fileRef = 77A6EACC1F68C06500EE384B /* BaseViewRouter.swift */; };
		77A6EAD01F68C06500EE384B /* BaseViewConfigurator.swift in Sources */ = {isa = PBXBuildFile; fileRef = 77A6EACD1F68C06500EE384B /* BaseViewConfigurator.swift */; };
		77A6EAD11F68C06500EE384B /* BaseViewPresenter.swift in Sources */ = {isa = PBXBuildFile; fileRef = 77A6EACE1F68C06500EE384B /* BaseViewPresenter.swift */; };
		77A76E451F627EB1008601E2 /* AlertHelper.swift in Sources */ = {isa = PBXBuildFile; fileRef = 77A76E441F627EB1008601E2 /* AlertHelper.swift */; };
		77A76EEC1F629602008601E2 /* HomeConfigurator.swift in Sources */ = {isa = PBXBuildFile; fileRef = 77A76EE81F629602008601E2 /* HomeConfigurator.swift */; };
		77A76EED1F629602008601E2 /* HomePresenter.swift in Sources */ = {isa = PBXBuildFile; fileRef = 77A76EE91F629602008601E2 /* HomePresenter.swift */; };
		77A76EEE1F629602008601E2 /* HomeViewController.swift in Sources */ = {isa = PBXBuildFile; fileRef = 77A76EEA1F629602008601E2 /* HomeViewController.swift */; };
		77A76EEF1F629602008601E2 /* HomeViewRouter.swift in Sources */ = {isa = PBXBuildFile; fileRef = 77A76EEB1F629602008601E2 /* HomeViewRouter.swift */; };
		77B45D1A1F693486001CB466 /* SectionBookViewController.swift in Sources */ = {isa = PBXBuildFile; fileRef = 77B45D191F693486001CB466 /* SectionBookViewController.swift */; };
		77B45D1C1F693494001CB466 /* SectionBookPresenter.swift in Sources */ = {isa = PBXBuildFile; fileRef = 77B45D1B1F693494001CB466 /* SectionBookPresenter.swift */; };
		77B45D1E1F6934A1001CB466 /* SectionBookConfigurator.swift in Sources */ = {isa = PBXBuildFile; fileRef = 77B45D1D1F6934A1001CB466 /* SectionBookConfigurator.swift */; };
		77B45D201F6934B5001CB466 /* SectionBookRouter.swift in Sources */ = {isa = PBXBuildFile; fileRef = 77B45D1F1F6934B5001CB466 /* SectionBookRouter.swift */; };
		77DECCB81F623E31007E32F5 /* Login.storyboard in Resources */ = {isa = PBXBuildFile; fileRef = 77DECCB51F623E31007E32F5 /* Login.storyboard */; };
		77DECCB91F623E31007E32F5 /* LoginPresenter.swift in Sources */ = {isa = PBXBuildFile; fileRef = 77DECCB61F623E31007E32F5 /* LoginPresenter.swift */; };
		77DECCBA1F623E31007E32F5 /* LoginViewController.swift in Sources */ = {isa = PBXBuildFile; fileRef = 77DECCB71F623E31007E32F5 /* LoginViewController.swift */; };
		77DECCBF1F62478B007E32F5 /* LoginConfigurator.swift in Sources */ = {isa = PBXBuildFile; fileRef = 77DECCBE1F62478B007E32F5 /* LoginConfigurator.swift */; };
		77DECCC11F6247C7007E32F5 /* LoginViewRouter.swift in Sources */ = {isa = PBXBuildFile; fileRef = 77DECCC01F6247C7007E32F5 /* LoginViewRouter.swift */; };
		77DECCC41F624FFC007E32F5 /* ForgotPasswordViewController.swift in Sources */ = {isa = PBXBuildFile; fileRef = 77DECCC31F624FFC007E32F5 /* ForgotPasswordViewController.swift */; };
		77DECCC61F62500F007E32F5 /* ForgotPasswordPresenter.swift in Sources */ = {isa = PBXBuildFile; fileRef = 77DECCC51F62500F007E32F5 /* ForgotPasswordPresenter.swift */; };
		77DECCC81F625022007E32F5 /* ForgotPasswordViewRouter.swift in Sources */ = {isa = PBXBuildFile; fileRef = 77DECCC71F625022007E32F5 /* ForgotPasswordViewRouter.swift */; };
		77DECCCA1F625030007E32F5 /* ForgotPasswordConfigurator.swift in Sources */ = {isa = PBXBuildFile; fileRef = 77DECCC91F625030007E32F5 /* ForgotPasswordConfigurator.swift */; };
		77F4E2621F60E27A00C68BA8 /* Book.swift in Sources */ = {isa = PBXBuildFile; fileRef = 77F4E2611F60E27A00C68BA8 /* Book.swift */; };
		77F4E2641F60E7DB00C68BA8 /* Review.swift in Sources */ = {isa = PBXBuildFile; fileRef = 77F4E2631F60E7DB00C68BA8 /* Review.swift */; };
		77F4E2661F60EB4300C68BA8 /* Category.swift in Sources */ = {isa = PBXBuildFile; fileRef = 77F4E2651F60EB4300C68BA8 /* Category.swift */; };
		77F4E2681F60F02500C68BA8 /* Media.swift in Sources */ = {isa = PBXBuildFile; fileRef = 77F4E2671F60F02500C68BA8 /* Media.swift */; };
		77F4E26A1F60F28E00C68BA8 /* SectionBook.swift in Sources */ = {isa = PBXBuildFile; fileRef = 77F4E2691F60F28E00C68BA8 /* SectionBook.swift */; };
		77F4E26C1F60F32100C68BA8 /* HomeProvider.swift in Sources */ = {isa = PBXBuildFile; fileRef = 77F4E26B1F60F32100C68BA8 /* HomeProvider.swift */; };
		77F4E26E1F60F73E00C68BA8 /* BookProvider.swift in Sources */ = {isa = PBXBuildFile; fileRef = 77F4E26D1F60F73E00C68BA8 /* BookProvider.swift */; };
		77F59FE61F5F9B1F0074A5DB /* AppDelegate.swift in Sources */ = {isa = PBXBuildFile; fileRef = 77F59FE51F5F9B1F0074A5DB /* AppDelegate.swift */; };
		77F59FED1F5F9B1F0074A5DB /* Assets.xcassets in Resources */ = {isa = PBXBuildFile; fileRef = 77F59FEC1F5F9B1F0074A5DB /* Assets.xcassets */; };
		77F59FF01F5F9B1F0074A5DB /* LaunchScreen.storyboard in Resources */ = {isa = PBXBuildFile; fileRef = 77F59FEE1F5F9B1F0074A5DB /* LaunchScreen.storyboard */; };
		77F59FFB1F5F9B1F0074A5DB /* FBookTests.swift in Sources */ = {isa = PBXBuildFile; fileRef = 77F59FFA1F5F9B1F0074A5DB /* FBookTests.swift */; };
		77F5A0061F5F9B1F0074A5DB /* FBookUITests.swift in Sources */ = {isa = PBXBuildFile; fileRef = 77F5A0051F5F9B1F0074A5DB /* FBookUITests.swift */; };
		77F5A01A1F5FDAC80074A5DB /* Constants.swift in Sources */ = {isa = PBXBuildFile; fileRef = 77F5A0191F5FDAC80074A5DB /* Constants.swift */; };
		77F5A01C1F5FDB2D0074A5DB /* Utility.swift in Sources */ = {isa = PBXBuildFile; fileRef = 77F5A01B1F5FDB2D0074A5DB /* Utility.swift */; };
		77F5A0241F5FDEC50074A5DB /* ObjectResponse.swift in Sources */ = {isa = PBXBuildFile; fileRef = 77F5A0231F5FDEC50074A5DB /* ObjectResponse.swift */; };
		77F5A0261F5FDF340074A5DB /* NetworkReachability.swift in Sources */ = {isa = PBXBuildFile; fileRef = 77F5A0251F5FDF340074A5DB /* NetworkReachability.swift */; };
		77F5A0311F5FE0630074A5DB /* BaseViewController.swift in Sources */ = {isa = PBXBuildFile; fileRef = 77F5A0301F5FE0630074A5DB /* BaseViewController.swift */; };
		77F5A0331F5FE0960074A5DB /* BaseNavigationController.swift in Sources */ = {isa = PBXBuildFile; fileRef = 77F5A0321F5FE0960074A5DB /* BaseNavigationController.swift */; };
		77F5A0351F5FE0B90074A5DB /* BaseTabBarController.swift in Sources */ = {isa = PBXBuildFile; fileRef = 77F5A0341F5FE0B90074A5DB /* BaseTabBarController.swift */; };
		77F5A03D1F5FF8650074A5DB /* ApiProvider.swift in Sources */ = {isa = PBXBuildFile; fileRef = 77F5A03C1F5FF8650074A5DB /* ApiProvider.swift */; };
		77F5A0411F60071B0074A5DB /* API.swift in Sources */ = {isa = PBXBuildFile; fileRef = 77F5A0401F60071B0074A5DB /* API.swift */; };
		D54028B01F6B73D60065F937 /* Date+Extensions.swift in Sources */ = {isa = PBXBuildFile; fileRef = D54028AF1F6B73D60065F937 /* Date+Extensions.swift */; };
		D559AF3A1F67808400F0ABF7 /* FavoriteCategoriesViewController.swift in Sources */ = {isa = PBXBuildFile; fileRef = D559AF391F67808400F0ABF7 /* FavoriteCategoriesViewController.swift */; };
		D56313C41F62938F00BEDFE4 /* ProfileConfigurator.swift in Sources */ = {isa = PBXBuildFile; fileRef = D56313C31F62938F00BEDFE4 /* ProfileConfigurator.swift */; };
		D56313C61F62943900BEDFE4 /* ProfilePresenter.swift in Sources */ = {isa = PBXBuildFile; fileRef = D56313C51F62943900BEDFE4 /* ProfilePresenter.swift */; };
		D56313C81F629B9100BEDFE4 /* AccountPresenter.swift in Sources */ = {isa = PBXBuildFile; fileRef = D56313C71F629B9100BEDFE4 /* AccountPresenter.swift */; };
		D56313CA1F629DD600BEDFE4 /* AccountConfigurator.swift in Sources */ = {isa = PBXBuildFile; fileRef = D56313C91F629DD600BEDFE4 /* AccountConfigurator.swift */; };
		D57D40E11F665449009F0801 /* CategoryTableViewCell.swift in Sources */ = {isa = PBXBuildFile; fileRef = D57D40E01F665449009F0801 /* CategoryTableViewCell.swift */; };
		D57D40E31F666D91009F0801 /* FavoriteCategoriesConfigurator.swift in Sources */ = {isa = PBXBuildFile; fileRef = D57D40E21F666D91009F0801 /* FavoriteCategoriesConfigurator.swift */; };
		D57D40E51F666DA3009F0801 /* FavoriteCategoriesPresenter.swift in Sources */ = {isa = PBXBuildFile; fileRef = D57D40E41F666DA3009F0801 /* FavoriteCategoriesPresenter.swift */; };
		D5915F981F6F67F70058E546 /* FollowingViewController.swift in Sources */ = {isa = PBXBuildFile; fileRef = D5915F971F6F67F70058E546 /* FollowingViewController.swift */; };
		D5915F9A1F6F68110058E546 /* FollowersViewController.swift in Sources */ = {isa = PBXBuildFile; fileRef = D5915F991F6F68110058E546 /* FollowersViewController.swift */; };
		D5915F9C1F6F69180058E546 /* FollowingTableViewCell.swift in Sources */ = {isa = PBXBuildFile; fileRef = D5915F9B1F6F69180058E546 /* FollowingTableViewCell.swift */; };
		D5915F9E1F6F69290058E546 /* FollowerTableViewCell.swift in Sources */ = {isa = PBXBuildFile; fileRef = D5915F9D1F6F69290058E546 /* FollowerTableViewCell.swift */; };
		D5CD98F71F6A14170074BC01 /* NotificationViewController.swift in Sources */ = {isa = PBXBuildFile; fileRef = D5CD98F61F6A14170074BC01 /* NotificationViewController.swift */; };
		D5CD98F91F6A14310074BC01 /* Notification.storyboard in Resources */ = {isa = PBXBuildFile; fileRef = D5CD98F81F6A14310074BC01 /* Notification.storyboard */; };
		D5CD98FB1F6A14EB0074BC01 /* NotificationPresenter.swift in Sources */ = {isa = PBXBuildFile; fileRef = D5CD98FA1F6A14EB0074BC01 /* NotificationPresenter.swift */; };
		D5CD98FD1F6A15000074BC01 /* NotificationConfigurator.swift in Sources */ = {isa = PBXBuildFile; fileRef = D5CD98FC1F6A15000074BC01 /* NotificationConfigurator.swift */; };
		D5CD99001F6A18AC0074BC01 /* NotificationTableViewCell.swift in Sources */ = {isa = PBXBuildFile; fileRef = D5CD98FF1F6A18AC0074BC01 /* NotificationTableViewCell.swift */; };
		D5CD99041F6A8A020074BC01 /* Notification.swift in Sources */ = {isa = PBXBuildFile; fileRef = D5CD99031F6A8A020074BC01 /* Notification.swift */; };
		D5DB47591F5FCA7A0042B809 /* AccountScreen.storyboard in Resources */ = {isa = PBXBuildFile; fileRef = D5DB47581F5FCA7A0042B809 /* AccountScreen.storyboard */; };
		D5DB475C1F5FCABC0042B809 /* AccountViewController.swift in Sources */ = {isa = PBXBuildFile; fileRef = D5DB475A1F5FCABC0042B809 /* AccountViewController.swift */; };
		D5DB475F1F5FCF090042B809 /* ProfileViewController.swift in Sources */ = {isa = PBXBuildFile; fileRef = D5DB475E1F5FCF090042B809 /* ProfileViewController.swift */; };
		E1966237C1E45CB1DCC29E23 /* Pods_FBookUITests.framework in Frameworks */ = {isa = PBXBuildFile; fileRef = 8B0C30664FE5265A54D7B243 /* Pods_FBookUITests.framework */; };
/* End PBXBuildFile section */

/* Begin PBXContainerItemProxy section */
		77F59FF71F5F9B1F0074A5DB /* PBXContainerItemProxy */ = {
			isa = PBXContainerItemProxy;
			containerPortal = 77F59FDA1F5F9B1F0074A5DB /* Project object */;
			proxyType = 1;
			remoteGlobalIDString = 77F59FE11F5F9B1F0074A5DB;
			remoteInfo = FBook;
		};
		77F5A0021F5F9B1F0074A5DB /* PBXContainerItemProxy */ = {
			isa = PBXContainerItemProxy;
			containerPortal = 77F59FDA1F5F9B1F0074A5DB /* Project object */;
			proxyType = 1;
			remoteGlobalIDString = 77F59FE11F5F9B1F0074A5DB;
			remoteInfo = FBook;
		};
/* End PBXContainerItemProxy section */

/* Begin PBXFileReference section */
		11076EA71F62867D002AA6D5 /* SearchViewController.swift */ = {isa = PBXFileReference; fileEncoding = 4; lastKnownFileType = sourcecode.swift; path = SearchViewController.swift; sourceTree = "<group>"; };
		11076EAB1F6286A4002AA6D5 /* SearchPresenter.swift */ = {isa = PBXFileReference; fileEncoding = 4; lastKnownFileType = sourcecode.swift; path = SearchPresenter.swift; sourceTree = "<group>"; };
		11076EAD1F6286B4002AA6D5 /* SearchViewRouter.swift */ = {isa = PBXFileReference; fileEncoding = 4; lastKnownFileType = sourcecode.swift; path = SearchViewRouter.swift; sourceTree = "<group>"; };
		11076EAF1F6286C0002AA6D5 /* SearchConfigurator.swift */ = {isa = PBXFileReference; fileEncoding = 4; lastKnownFileType = sourcecode.swift; path = SearchConfigurator.swift; sourceTree = "<group>"; };
		11076EB11F628A07002AA6D5 /* Search.storyboard */ = {isa = PBXFileReference; fileEncoding = 4; lastKnownFileType = file.storyboard; path = Search.storyboard; sourceTree = "<group>"; };
		11076EB31F6299DE002AA6D5 /* SearchBookCell.swift */ = {isa = PBXFileReference; fileEncoding = 4; lastKnownFileType = sourcecode.swift; path = SearchBookCell.swift; sourceTree = "<group>"; };
		114F9C341F68C5A60098674E /* ListItems.swift */ = {isa = PBXFileReference; fileEncoding = 4; lastKnownFileType = sourcecode.swift; path = ListItems.swift; sourceTree = "<group>"; };
		11712DB81F6A0E260093C5FF /* SearchBookParams.swift */ = {isa = PBXFileReference; fileEncoding = 4; lastKnownFileType = sourcecode.swift; path = SearchBookParams.swift; sourceTree = "<group>"; };
		117162B51F6B89600045A59E /* BookingBookParams.swift */ = {isa = PBXFileReference; fileEncoding = 4; lastKnownFileType = sourcecode.swift; path = BookingBookParams.swift; sourceTree = "<group>"; };
		16187A60E72AAEC10C6BDADA /* Pods-FBookUITests.debug.xcconfig */ = {isa = PBXFileReference; includeInIndex = 1; lastKnownFileType = text.xcconfig; name = "Pods-FBookUITests.debug.xcconfig"; path = "Pods/Target Support Files/Pods-FBookUITests/Pods-FBookUITests.debug.xcconfig"; sourceTree = "<group>"; };
		224C0F281F604808007BEA04 /* UsersProvider.swift */ = {isa = PBXFileReference; fileEncoding = 4; lastKnownFileType = sourcecode.swift; path = UsersProvider.swift; sourceTree = "<group>"; };
		224C0F2A1F604B86007BEA04 /* Office.swift */ = {isa = PBXFileReference; fileEncoding = 4; lastKnownFileType = sourcecode.swift; path = Office.swift; sourceTree = "<group>"; };
		224C0F2C1F604C10007BEA04 /* OfficeProvider.swift */ = {isa = PBXFileReference; fileEncoding = 4; lastKnownFileType = sourcecode.swift; path = OfficeProvider.swift; sourceTree = "<group>"; };
		22C480601F6040A400DB7A4C /* User.swift */ = {isa = PBXFileReference; fileEncoding = 4; lastKnownFileType = sourcecode.swift; path = User.swift; sourceTree = "<group>"; };
		22C480621F6043F800DB7A4C /* BaseProvider.swift */ = {isa = PBXFileReference; fileEncoding = 4; lastKnownFileType = sourcecode.swift; path = BaseProvider.swift; sourceTree = "<group>"; };
		22C480641F60445A00DB7A4C /* AuthenticationProvider.swift */ = {isa = PBXFileReference; fileEncoding = 4; lastKnownFileType = sourcecode.swift; path = AuthenticationProvider.swift; sourceTree = "<group>"; };
		22E076A11F61BDD000869A05 /* String+Extensions.swift */ = {isa = PBXFileReference; fileEncoding = 4; lastKnownFileType = sourcecode.swift; path = "String+Extensions.swift"; sourceTree = "<group>"; };
		22E076A51F61D15300869A05 /* Error+Extensions.swift */ = {isa = PBXFileReference; fileEncoding = 4; lastKnownFileType = sourcecode.swift; path = "Error+Extensions.swift"; sourceTree = "<group>"; };
		280B89C4A92589F03480A812 /* Pods-FBook.release.xcconfig */ = {isa = PBXFileReference; includeInIndex = 1; lastKnownFileType = text.xcconfig; name = "Pods-FBook.release.xcconfig"; path = "Pods/Target Support Files/Pods-FBook/Pods-FBook.release.xcconfig"; sourceTree = "<group>"; };
		4B8089C81F6A854B0072E0BB /* TimeFormatter.swift */ = {isa = PBXFileReference; fileEncoding = 4; lastKnownFileType = sourcecode.swift; path = TimeFormatter.swift; sourceTree = "<group>"; };
		4B8F9BD51F6A633900B74769 /* UserReviewTableViewCell.swift */ = {isa = PBXFileReference; fileEncoding = 4; lastKnownFileType = sourcecode.swift; path = UserReviewTableViewCell.swift; sourceTree = "<group>"; };
		4B8F9BD61F6A633900B74769 /* UserReviewTableViewCell.xib */ = {isa = PBXFileReference; fileEncoding = 4; lastKnownFileType = file.xib; path = UserReviewTableViewCell.xib; sourceTree = "<group>"; };
		4B8F9BD91F6A711100B74769 /* BasicDetailTableViewCell.swift */ = {isa = PBXFileReference; fileEncoding = 4; lastKnownFileType = sourcecode.swift; path = BasicDetailTableViewCell.swift; sourceTree = "<group>"; };
		4B8F9BDA1F6A711100B74769 /* BasicDetailTableViewCell.xib */ = {isa = PBXFileReference; fileEncoding = 4; lastKnownFileType = file.xib; path = BasicDetailTableViewCell.xib; sourceTree = "<group>"; };
		4B8F9BDD1F6A75BF00B74769 /* Array+Extensions.swift */ = {isa = PBXFileReference; fileEncoding = 4; lastKnownFileType = sourcecode.swift; path = "Array+Extensions.swift"; sourceTree = "<group>"; };
		4B8F9BE01F6A7AF200B74769 /* BookDetailHeaderView.swift */ = {isa = PBXFileReference; fileEncoding = 4; lastKnownFileType = sourcecode.swift; path = BookDetailHeaderView.swift; sourceTree = "<group>"; };
		4B8F9BE21F6A7B5700B74769 /* BookDetailHeaderView.xib */ = {isa = PBXFileReference; fileEncoding = 4; lastKnownFileType = file.xib; path = BookDetailHeaderView.xib; sourceTree = "<group>"; };
		4BAB823E1F678E4000E52FB1 /* BookDetailViewController.swift */ = {isa = PBXFileReference; fileEncoding = 4; lastKnownFileType = sourcecode.swift; path = BookDetailViewController.swift; sourceTree = "<group>"; };
		4BAB82401F678E5900E52FB1 /* BookDetailPresenter.swift */ = {isa = PBXFileReference; fileEncoding = 4; lastKnownFileType = sourcecode.swift; path = BookDetailPresenter.swift; sourceTree = "<group>"; };
		4BAB82421F678E8D00E52FB1 /* BookDetailViewRouter.swift */ = {isa = PBXFileReference; fileEncoding = 4; lastKnownFileType = sourcecode.swift; path = BookDetailViewRouter.swift; sourceTree = "<group>"; };
		4BAB82441F678EA300E52FB1 /* BookDetailConfigurator.swift */ = {isa = PBXFileReference; fileEncoding = 4; lastKnownFileType = sourcecode.swift; path = BookDetailConfigurator.swift; sourceTree = "<group>"; };
		4BACDBBE1F67704A00881AA0 /* BookDetail.storyboard */ = {isa = PBXFileReference; fileEncoding = 4; lastKnownFileType = file.storyboard; path = BookDetail.storyboard; sourceTree = "<group>"; };
		7703B3551F6A396A00CDF69D /* UIStoryboard+Extensions.swift */ = {isa = PBXFileReference; fileEncoding = 4; lastKnownFileType = sourcecode.swift; path = "UIStoryboard+Extensions.swift"; sourceTree = "<group>"; };
		772614851F661EC8004D6943 /* UITableView+Extensions.swift */ = {isa = PBXFileReference; fileEncoding = 4; lastKnownFileType = sourcecode.swift; path = "UITableView+Extensions.swift"; sourceTree = "<group>"; };
		772614871F661ED4004D6943 /* UICollectionView+Extensions.swift */ = {isa = PBXFileReference; fileEncoding = 4; lastKnownFileType = sourcecode.swift; path = "UICollectionView+Extensions.swift"; sourceTree = "<group>"; };
		772614891F661F14004D6943 /* UINib+Extensions.swift */ = {isa = PBXFileReference; fileEncoding = 4; lastKnownFileType = sourcecode.swift; path = "UINib+Extensions.swift"; sourceTree = "<group>"; };
		7726148B1F6625AE004D6943 /* UIView+Extensions.swift */ = {isa = PBXFileReference; fileEncoding = 4; lastKnownFileType = sourcecode.swift; path = "UIView+Extensions.swift"; sourceTree = "<group>"; };
		772614931F6637AD004D6943 /* Home.storyboard */ = {isa = PBXFileReference; fileEncoding = 4; lastKnownFileType = file.storyboard; path = Home.storyboard; sourceTree = "<group>"; };
		772614951F6660BB004D6943 /* UIImageView+Extensions.swift */ = {isa = PBXFileReference; fileEncoding = 4; lastKnownFileType = sourcecode.swift; path = "UIImageView+Extensions.swift"; sourceTree = "<group>"; };
		772614A01F669259004D6943 /* HomeCellConfigurator.swift */ = {isa = PBXFileReference; fileEncoding = 4; lastKnownFileType = sourcecode.swift; path = HomeCellConfigurator.swift; sourceTree = "<group>"; };
		772614A11F669259004D6943 /* HomeCellPresenter.swift */ = {isa = PBXFileReference; fileEncoding = 4; lastKnownFileType = sourcecode.swift; path = HomeCellPresenter.swift; sourceTree = "<group>"; };
		772614A21F669259004D6943 /* HomeHeader.xib */ = {isa = PBXFileReference; fileEncoding = 4; lastKnownFileType = file.xib; path = HomeHeader.xib; sourceTree = "<group>"; };
		772614A31F669259004D6943 /* HomeHeaderConfigurator.swift */ = {isa = PBXFileReference; fileEncoding = 4; lastKnownFileType = sourcecode.swift; path = HomeHeaderConfigurator.swift; sourceTree = "<group>"; };
		772614A41F669259004D6943 /* HomeHeaderPresenter.swift */ = {isa = PBXFileReference; fileEncoding = 4; lastKnownFileType = sourcecode.swift; path = HomeHeaderPresenter.swift; sourceTree = "<group>"; };
		772614A51F669259004D6943 /* HomeHeaderView.swift */ = {isa = PBXFileReference; fileEncoding = 4; lastKnownFileType = sourcecode.swift; path = HomeHeaderView.swift; sourceTree = "<group>"; };
		772614A61F669259004D6943 /* HomeTableViewCell.swift */ = {isa = PBXFileReference; fileEncoding = 4; lastKnownFileType = sourcecode.swift; path = HomeTableViewCell.swift; sourceTree = "<group>"; };
		772614A71F669259004D6943 /* HomeTableViewCell.xib */ = {isa = PBXFileReference; fileEncoding = 4; lastKnownFileType = file.xib; path = HomeTableViewCell.xib; sourceTree = "<group>"; };
		772614B21F669264004D6943 /* BookCollectionViewCell.swift */ = {isa = PBXFileReference; fileEncoding = 4; lastKnownFileType = sourcecode.swift; path = BookCollectionViewCell.swift; sourceTree = "<group>"; };
		772614B31F669264004D6943 /* BookCollectionViewCell.xib */ = {isa = PBXFileReference; fileEncoding = 4; lastKnownFileType = file.xib; path = BookCollectionViewCell.xib; sourceTree = "<group>"; };
		77A6EAC21F68C05300EE384B /* MenuSettingConfigurator.swift */ = {isa = PBXFileReference; fileEncoding = 4; lastKnownFileType = sourcecode.swift; path = MenuSettingConfigurator.swift; sourceTree = "<group>"; };
		77A6EAC31F68C05300EE384B /* MenuSettingPresenter.swift */ = {isa = PBXFileReference; fileEncoding = 4; lastKnownFileType = sourcecode.swift; path = MenuSettingPresenter.swift; sourceTree = "<group>"; };
		77A6EAC41F68C05300EE384B /* MenuSettingRouter.swift */ = {isa = PBXFileReference; fileEncoding = 4; lastKnownFileType = sourcecode.swift; path = MenuSettingRouter.swift; sourceTree = "<group>"; };
		77A6EAC51F68C05300EE384B /* MenuSettingViewController.swift */ = {isa = PBXFileReference; fileEncoding = 4; lastKnownFileType = sourcecode.swift; path = MenuSettingViewController.swift; sourceTree = "<group>"; };
		77A6EAC61F68C05300EE384B /* MenuSettingViewController.xib */ = {isa = PBXFileReference; fileEncoding = 4; lastKnownFileType = file.xib; path = MenuSettingViewController.xib; sourceTree = "<group>"; };
		77A6EACC1F68C06500EE384B /* BaseViewRouter.swift */ = {isa = PBXFileReference; fileEncoding = 4; lastKnownFileType = sourcecode.swift; path = BaseViewRouter.swift; sourceTree = "<group>"; };
		77A6EACD1F68C06500EE384B /* BaseViewConfigurator.swift */ = {isa = PBXFileReference; fileEncoding = 4; lastKnownFileType = sourcecode.swift; path = BaseViewConfigurator.swift; sourceTree = "<group>"; };
		77A6EACE1F68C06500EE384B /* BaseViewPresenter.swift */ = {isa = PBXFileReference; fileEncoding = 4; lastKnownFileType = sourcecode.swift; path = BaseViewPresenter.swift; sourceTree = "<group>"; };
		77A76E441F627EB1008601E2 /* AlertHelper.swift */ = {isa = PBXFileReference; fileEncoding = 4; lastKnownFileType = sourcecode.swift; path = AlertHelper.swift; sourceTree = "<group>"; };
		77A76EE81F629602008601E2 /* HomeConfigurator.swift */ = {isa = PBXFileReference; fileEncoding = 4; lastKnownFileType = sourcecode.swift; path = HomeConfigurator.swift; sourceTree = "<group>"; };
		77A76EE91F629602008601E2 /* HomePresenter.swift */ = {isa = PBXFileReference; fileEncoding = 4; lastKnownFileType = sourcecode.swift; path = HomePresenter.swift; sourceTree = "<group>"; };
		77A76EEA1F629602008601E2 /* HomeViewController.swift */ = {isa = PBXFileReference; fileEncoding = 4; lastKnownFileType = sourcecode.swift; path = HomeViewController.swift; sourceTree = "<group>"; };
		77A76EEB1F629602008601E2 /* HomeViewRouter.swift */ = {isa = PBXFileReference; fileEncoding = 4; lastKnownFileType = sourcecode.swift; path = HomeViewRouter.swift; sourceTree = "<group>"; };
		77B45D191F693486001CB466 /* SectionBookViewController.swift */ = {isa = PBXFileReference; fileEncoding = 4; lastKnownFileType = sourcecode.swift; path = SectionBookViewController.swift; sourceTree = "<group>"; };
		77B45D1B1F693494001CB466 /* SectionBookPresenter.swift */ = {isa = PBXFileReference; fileEncoding = 4; lastKnownFileType = sourcecode.swift; path = SectionBookPresenter.swift; sourceTree = "<group>"; };
		77B45D1D1F6934A1001CB466 /* SectionBookConfigurator.swift */ = {isa = PBXFileReference; fileEncoding = 4; lastKnownFileType = sourcecode.swift; path = SectionBookConfigurator.swift; sourceTree = "<group>"; };
		77B45D1F1F6934B5001CB466 /* SectionBookRouter.swift */ = {isa = PBXFileReference; fileEncoding = 4; lastKnownFileType = sourcecode.swift; path = SectionBookRouter.swift; sourceTree = "<group>"; };
		77DECCB51F623E31007E32F5 /* Login.storyboard */ = {isa = PBXFileReference; fileEncoding = 4; lastKnownFileType = file.storyboard; path = Login.storyboard; sourceTree = "<group>"; };
		77DECCB61F623E31007E32F5 /* LoginPresenter.swift */ = {isa = PBXFileReference; fileEncoding = 4; lastKnownFileType = sourcecode.swift; path = LoginPresenter.swift; sourceTree = "<group>"; };
		77DECCB71F623E31007E32F5 /* LoginViewController.swift */ = {isa = PBXFileReference; fileEncoding = 4; lastKnownFileType = sourcecode.swift; path = LoginViewController.swift; sourceTree = "<group>"; };
		77DECCBE1F62478B007E32F5 /* LoginConfigurator.swift */ = {isa = PBXFileReference; fileEncoding = 4; lastKnownFileType = sourcecode.swift; path = LoginConfigurator.swift; sourceTree = "<group>"; };
		77DECCC01F6247C7007E32F5 /* LoginViewRouter.swift */ = {isa = PBXFileReference; fileEncoding = 4; lastKnownFileType = sourcecode.swift; path = LoginViewRouter.swift; sourceTree = "<group>"; };
		77DECCC31F624FFC007E32F5 /* ForgotPasswordViewController.swift */ = {isa = PBXFileReference; fileEncoding = 4; lastKnownFileType = sourcecode.swift; path = ForgotPasswordViewController.swift; sourceTree = "<group>"; };
		77DECCC51F62500F007E32F5 /* ForgotPasswordPresenter.swift */ = {isa = PBXFileReference; fileEncoding = 4; lastKnownFileType = sourcecode.swift; path = ForgotPasswordPresenter.swift; sourceTree = "<group>"; };
		77DECCC71F625022007E32F5 /* ForgotPasswordViewRouter.swift */ = {isa = PBXFileReference; fileEncoding = 4; lastKnownFileType = sourcecode.swift; path = ForgotPasswordViewRouter.swift; sourceTree = "<group>"; };
		77DECCC91F625030007E32F5 /* ForgotPasswordConfigurator.swift */ = {isa = PBXFileReference; fileEncoding = 4; lastKnownFileType = sourcecode.swift; path = ForgotPasswordConfigurator.swift; sourceTree = "<group>"; };
		77F4E2611F60E27A00C68BA8 /* Book.swift */ = {isa = PBXFileReference; fileEncoding = 4; lastKnownFileType = sourcecode.swift; path = Book.swift; sourceTree = "<group>"; };
		77F4E2631F60E7DB00C68BA8 /* Review.swift */ = {isa = PBXFileReference; fileEncoding = 4; lastKnownFileType = sourcecode.swift; path = Review.swift; sourceTree = "<group>"; };
		77F4E2651F60EB4300C68BA8 /* Category.swift */ = {isa = PBXFileReference; fileEncoding = 4; lastKnownFileType = sourcecode.swift; path = Category.swift; sourceTree = "<group>"; };
		77F4E2671F60F02500C68BA8 /* Media.swift */ = {isa = PBXFileReference; fileEncoding = 4; lastKnownFileType = sourcecode.swift; path = Media.swift; sourceTree = "<group>"; };
		77F4E2691F60F28E00C68BA8 /* SectionBook.swift */ = {isa = PBXFileReference; fileEncoding = 4; lastKnownFileType = sourcecode.swift; path = SectionBook.swift; sourceTree = "<group>"; };
		77F4E26B1F60F32100C68BA8 /* HomeProvider.swift */ = {isa = PBXFileReference; fileEncoding = 4; lastKnownFileType = sourcecode.swift; path = HomeProvider.swift; sourceTree = "<group>"; };
		77F4E26D1F60F73E00C68BA8 /* BookProvider.swift */ = {isa = PBXFileReference; fileEncoding = 4; lastKnownFileType = sourcecode.swift; path = BookProvider.swift; sourceTree = "<group>"; };
		77F59FE21F5F9B1F0074A5DB /* FBook.app */ = {isa = PBXFileReference; explicitFileType = wrapper.application; includeInIndex = 0; path = FBook.app; sourceTree = BUILT_PRODUCTS_DIR; };
		77F59FE51F5F9B1F0074A5DB /* AppDelegate.swift */ = {isa = PBXFileReference; lastKnownFileType = sourcecode.swift; path = AppDelegate.swift; sourceTree = "<group>"; };
		77F59FEC1F5F9B1F0074A5DB /* Assets.xcassets */ = {isa = PBXFileReference; lastKnownFileType = folder.assetcatalog; path = Assets.xcassets; sourceTree = "<group>"; };
		77F59FEF1F5F9B1F0074A5DB /* Base */ = {isa = PBXFileReference; lastKnownFileType = file.storyboard; name = Base; path = Base.lproj/LaunchScreen.storyboard; sourceTree = "<group>"; };
		77F59FF11F5F9B1F0074A5DB /* Info.plist */ = {isa = PBXFileReference; lastKnownFileType = text.plist.xml; path = Info.plist; sourceTree = "<group>"; };
		77F59FF61F5F9B1F0074A5DB /* FBookTests.xctest */ = {isa = PBXFileReference; explicitFileType = wrapper.cfbundle; includeInIndex = 0; path = FBookTests.xctest; sourceTree = BUILT_PRODUCTS_DIR; };
		77F59FFA1F5F9B1F0074A5DB /* FBookTests.swift */ = {isa = PBXFileReference; lastKnownFileType = sourcecode.swift; path = FBookTests.swift; sourceTree = "<group>"; };
		77F59FFC1F5F9B1F0074A5DB /* Info.plist */ = {isa = PBXFileReference; lastKnownFileType = text.plist.xml; path = Info.plist; sourceTree = "<group>"; };
		77F5A0011F5F9B1F0074A5DB /* FBookUITests.xctest */ = {isa = PBXFileReference; explicitFileType = wrapper.cfbundle; includeInIndex = 0; path = FBookUITests.xctest; sourceTree = BUILT_PRODUCTS_DIR; };
		77F5A0051F5F9B1F0074A5DB /* FBookUITests.swift */ = {isa = PBXFileReference; lastKnownFileType = sourcecode.swift; path = FBookUITests.swift; sourceTree = "<group>"; };
		77F5A0071F5F9B1F0074A5DB /* Info.plist */ = {isa = PBXFileReference; lastKnownFileType = text.plist.xml; path = Info.plist; sourceTree = "<group>"; };
		77F5A0191F5FDAC80074A5DB /* Constants.swift */ = {isa = PBXFileReference; fileEncoding = 4; lastKnownFileType = sourcecode.swift; path = Constants.swift; sourceTree = "<group>"; };
		77F5A01B1F5FDB2D0074A5DB /* Utility.swift */ = {isa = PBXFileReference; fileEncoding = 4; lastKnownFileType = sourcecode.swift; path = Utility.swift; sourceTree = "<group>"; };
		77F5A0231F5FDEC50074A5DB /* ObjectResponse.swift */ = {isa = PBXFileReference; fileEncoding = 4; lastKnownFileType = sourcecode.swift; path = ObjectResponse.swift; sourceTree = "<group>"; };
		77F5A0251F5FDF340074A5DB /* NetworkReachability.swift */ = {isa = PBXFileReference; fileEncoding = 4; lastKnownFileType = sourcecode.swift; path = NetworkReachability.swift; sourceTree = "<group>"; };
		77F5A0301F5FE0630074A5DB /* BaseViewController.swift */ = {isa = PBXFileReference; fileEncoding = 4; lastKnownFileType = sourcecode.swift; path = BaseViewController.swift; sourceTree = "<group>"; };
		77F5A0321F5FE0960074A5DB /* BaseNavigationController.swift */ = {isa = PBXFileReference; fileEncoding = 4; lastKnownFileType = sourcecode.swift; path = BaseNavigationController.swift; sourceTree = "<group>"; };
		77F5A0341F5FE0B90074A5DB /* BaseTabBarController.swift */ = {isa = PBXFileReference; fileEncoding = 4; lastKnownFileType = sourcecode.swift; path = BaseTabBarController.swift; sourceTree = "<group>"; };
		77F5A03C1F5FF8650074A5DB /* ApiProvider.swift */ = {isa = PBXFileReference; fileEncoding = 4; lastKnownFileType = sourcecode.swift; path = ApiProvider.swift; sourceTree = "<group>"; };
		77F5A0401F60071B0074A5DB /* API.swift */ = {isa = PBXFileReference; fileEncoding = 4; lastKnownFileType = sourcecode.swift; path = API.swift; sourceTree = "<group>"; };
		8B0C30664FE5265A54D7B243 /* Pods_FBookUITests.framework */ = {isa = PBXFileReference; explicitFileType = wrapper.framework; includeInIndex = 0; path = Pods_FBookUITests.framework; sourceTree = BUILT_PRODUCTS_DIR; };
		93B87F1A25FE163B3B4DFFD4 /* Pods_FBook.framework */ = {isa = PBXFileReference; explicitFileType = wrapper.framework; includeInIndex = 0; path = Pods_FBook.framework; sourceTree = BUILT_PRODUCTS_DIR; };
		B25D5DC6B1ED2B28EAB4D7AC /* Pods-FBookTests.release.xcconfig */ = {isa = PBXFileReference; includeInIndex = 1; lastKnownFileType = text.xcconfig; name = "Pods-FBookTests.release.xcconfig"; path = "Pods/Target Support Files/Pods-FBookTests/Pods-FBookTests.release.xcconfig"; sourceTree = "<group>"; };
		B416ACA6FFCD9220F9B75A51 /* Pods-FBook.debug.xcconfig */ = {isa = PBXFileReference; includeInIndex = 1; lastKnownFileType = text.xcconfig; name = "Pods-FBook.debug.xcconfig"; path = "Pods/Target Support Files/Pods-FBook/Pods-FBook.debug.xcconfig"; sourceTree = "<group>"; };
		CDA0389DECFAD21548DD9198 /* Pods-FBookTests.debug.xcconfig */ = {isa = PBXFileReference; includeInIndex = 1; lastKnownFileType = text.xcconfig; name = "Pods-FBookTests.debug.xcconfig"; path = "Pods/Target Support Files/Pods-FBookTests/Pods-FBookTests.debug.xcconfig"; sourceTree = "<group>"; };
		D54028AF1F6B73D60065F937 /* Date+Extensions.swift */ = {isa = PBXFileReference; fileEncoding = 4; lastKnownFileType = sourcecode.swift; path = "Date+Extensions.swift"; sourceTree = "<group>"; };
		D559AF391F67808400F0ABF7 /* FavoriteCategoriesViewController.swift */ = {isa = PBXFileReference; fileEncoding = 4; lastKnownFileType = sourcecode.swift; name = FavoriteCategoriesViewController.swift; path = FBook/Scenes/Account/FavoriteCategories/FavoriteCategoriesViewController.swift; sourceTree = SOURCE_ROOT; };
		D56313C31F62938F00BEDFE4 /* ProfileConfigurator.swift */ = {isa = PBXFileReference; fileEncoding = 4; lastKnownFileType = sourcecode.swift; name = ProfileConfigurator.swift; path = FBook/Scenes/Account/Profile/ProfileConfigurator.swift; sourceTree = SOURCE_ROOT; };
		D56313C51F62943900BEDFE4 /* ProfilePresenter.swift */ = {isa = PBXFileReference; fileEncoding = 4; lastKnownFileType = sourcecode.swift; name = ProfilePresenter.swift; path = FBook/Scenes/Account/Profile/ProfilePresenter.swift; sourceTree = SOURCE_ROOT; };
		D56313C71F629B9100BEDFE4 /* AccountPresenter.swift */ = {isa = PBXFileReference; fileEncoding = 4; lastKnownFileType = sourcecode.swift; path = AccountPresenter.swift; sourceTree = "<group>"; };
		D56313C91F629DD600BEDFE4 /* AccountConfigurator.swift */ = {isa = PBXFileReference; fileEncoding = 4; lastKnownFileType = sourcecode.swift; path = AccountConfigurator.swift; sourceTree = "<group>"; };
		D57D40E01F665449009F0801 /* CategoryTableViewCell.swift */ = {isa = PBXFileReference; fileEncoding = 4; lastKnownFileType = sourcecode.swift; path = CategoryTableViewCell.swift; sourceTree = "<group>"; };
		D57D40E21F666D91009F0801 /* FavoriteCategoriesConfigurator.swift */ = {isa = PBXFileReference; fileEncoding = 4; lastKnownFileType = sourcecode.swift; name = FavoriteCategoriesConfigurator.swift; path = FBook/Scenes/Account/FavoriteCategories/FavoriteCategoriesConfigurator.swift; sourceTree = SOURCE_ROOT; };
		D57D40E41F666DA3009F0801 /* FavoriteCategoriesPresenter.swift */ = {isa = PBXFileReference; fileEncoding = 4; lastKnownFileType = sourcecode.swift; name = FavoriteCategoriesPresenter.swift; path = FBook/Scenes/Account/FavoriteCategories/FavoriteCategoriesPresenter.swift; sourceTree = SOURCE_ROOT; };
		D5915F971F6F67F70058E546 /* FollowingViewController.swift */ = {isa = PBXFileReference; fileEncoding = 4; lastKnownFileType = sourcecode.swift; name = FollowingViewController.swift; path = FBook/Scenes/Account/Following/FollowingViewController.swift; sourceTree = SOURCE_ROOT; };
		D5915F991F6F68110058E546 /* FollowersViewController.swift */ = {isa = PBXFileReference; fileEncoding = 4; lastKnownFileType = sourcecode.swift; name = FollowersViewController.swift; path = FBook/Scenes/Account/Followers/FollowersViewController.swift; sourceTree = SOURCE_ROOT; };
		D5915F9B1F6F69180058E546 /* FollowingTableViewCell.swift */ = {isa = PBXFileReference; fileEncoding = 4; lastKnownFileType = sourcecode.swift; path = FollowingTableViewCell.swift; sourceTree = "<group>"; };
		D5915F9D1F6F69290058E546 /* FollowerTableViewCell.swift */ = {isa = PBXFileReference; fileEncoding = 4; lastKnownFileType = sourcecode.swift; path = FollowerTableViewCell.swift; sourceTree = "<group>"; };
		D5CD98F61F6A14170074BC01 /* NotificationViewController.swift */ = {isa = PBXFileReference; fileEncoding = 4; lastKnownFileType = sourcecode.swift; path = NotificationViewController.swift; sourceTree = "<group>"; };
		D5CD98F81F6A14310074BC01 /* Notification.storyboard */ = {isa = PBXFileReference; fileEncoding = 4; lastKnownFileType = file.storyboard; path = Notification.storyboard; sourceTree = "<group>"; };
		D5CD98FA1F6A14EB0074BC01 /* NotificationPresenter.swift */ = {isa = PBXFileReference; fileEncoding = 4; lastKnownFileType = sourcecode.swift; path = NotificationPresenter.swift; sourceTree = "<group>"; };
		D5CD98FC1F6A15000074BC01 /* NotificationConfigurator.swift */ = {isa = PBXFileReference; fileEncoding = 4; lastKnownFileType = sourcecode.swift; path = NotificationConfigurator.swift; sourceTree = "<group>"; };
		D5CD98FF1F6A18AC0074BC01 /* NotificationTableViewCell.swift */ = {isa = PBXFileReference; fileEncoding = 4; lastKnownFileType = sourcecode.swift; path = NotificationTableViewCell.swift; sourceTree = "<group>"; };
		D5CD99031F6A8A020074BC01 /* Notification.swift */ = {isa = PBXFileReference; fileEncoding = 4; lastKnownFileType = sourcecode.swift; path = Notification.swift; sourceTree = "<group>"; };
		D5DB47581F5FCA7A0042B809 /* AccountScreen.storyboard */ = {isa = PBXFileReference; fileEncoding = 4; lastKnownFileType = file.storyboard; path = AccountScreen.storyboard; sourceTree = "<group>"; };
		D5DB475A1F5FCABC0042B809 /* AccountViewController.swift */ = {isa = PBXFileReference; fileEncoding = 4; lastKnownFileType = sourcecode.swift; path = AccountViewController.swift; sourceTree = "<group>"; };
		D5DB475E1F5FCF090042B809 /* ProfileViewController.swift */ = {isa = PBXFileReference; fileEncoding = 4; lastKnownFileType = sourcecode.swift; name = ProfileViewController.swift; path = FBook/Scenes/Account/Profile/ProfileViewController.swift; sourceTree = SOURCE_ROOT; };
		DE86A6CBBAFF37FC4EEBB418 /* Pods_FBookTests.framework */ = {isa = PBXFileReference; explicitFileType = wrapper.framework; includeInIndex = 0; path = Pods_FBookTests.framework; sourceTree = BUILT_PRODUCTS_DIR; };
		FEF6286C009F1B08335662F4 /* Pods-FBookUITests.release.xcconfig */ = {isa = PBXFileReference; includeInIndex = 1; lastKnownFileType = text.xcconfig; name = "Pods-FBookUITests.release.xcconfig"; path = "Pods/Target Support Files/Pods-FBookUITests/Pods-FBookUITests.release.xcconfig"; sourceTree = "<group>"; };
/* End PBXFileReference section */

/* Begin PBXFrameworksBuildPhase section */
		77F59FDF1F5F9B1F0074A5DB /* Frameworks */ = {
			isa = PBXFrameworksBuildPhase;
			buildActionMask = 2147483647;
			files = (
				4F8D65427777E567BBA2A460 /* Pods_FBook.framework in Frameworks */,
			);
			runOnlyForDeploymentPostprocessing = 0;
		};
		77F59FF31F5F9B1F0074A5DB /* Frameworks */ = {
			isa = PBXFrameworksBuildPhase;
			buildActionMask = 2147483647;
			files = (
				6F6909735A1B5F94B195D69D /* Pods_FBookTests.framework in Frameworks */,
			);
			runOnlyForDeploymentPostprocessing = 0;
		};
		77F59FFE1F5F9B1F0074A5DB /* Frameworks */ = {
			isa = PBXFrameworksBuildPhase;
			buildActionMask = 2147483647;
			files = (
				E1966237C1E45CB1DCC29E23 /* Pods_FBookUITests.framework in Frameworks */,
			);
			runOnlyForDeploymentPostprocessing = 0;
		};
/* End PBXFrameworksBuildPhase section */

/* Begin PBXGroup section */
		11076EA61F6285AD002AA6D5 /* Search */ = {
			isa = PBXGroup;
			children = (
				11076EB11F628A07002AA6D5 /* Search.storyboard */,
				11076EA71F62867D002AA6D5 /* SearchViewController.swift */,
				11076EAB1F6286A4002AA6D5 /* SearchPresenter.swift */,
				11076EAD1F6286B4002AA6D5 /* SearchViewRouter.swift */,
				11076EAF1F6286C0002AA6D5 /* SearchConfigurator.swift */,
				11076EB31F6299DE002AA6D5 /* SearchBookCell.swift */,
			);
			path = Search;
			sourceTree = "<group>";
		};
		11712DB71F6A0E260093C5FF /* RequestModels */ = {
			isa = PBXGroup;
			children = (
				11712DB81F6A0E260093C5FF /* SearchBookParams.swift */,
				117162B51F6B89600045A59E /* BookingBookParams.swift */,
			);
			path = RequestModels;
			sourceTree = "<group>";
		};
		22E076A01F61BDC300869A05 /* Extensions */ = {
			isa = PBXGroup;
			children = (
				22E076A11F61BDD000869A05 /* String+Extensions.swift */,
				22E076A51F61D15300869A05 /* Error+Extensions.swift */,
				772614851F661EC8004D6943 /* UITableView+Extensions.swift */,
				772614871F661ED4004D6943 /* UICollectionView+Extensions.swift */,
				772614891F661F14004D6943 /* UINib+Extensions.swift */,
				7726148B1F6625AE004D6943 /* UIView+Extensions.swift */,
				772614951F6660BB004D6943 /* UIImageView+Extensions.swift */,
				7703B3551F6A396A00CDF69D /* UIStoryboard+Extensions.swift */,
				4B8F9BDD1F6A75BF00B74769 /* Array+Extensions.swift */,
				D54028AF1F6B73D60065F937 /* Date+Extensions.swift */,
			);
			path = Extensions;
			sourceTree = "<group>";
		};
		33D3A30A1C72233E5E849755 /* Pods */ = {
			isa = PBXGroup;
			children = (
				B416ACA6FFCD9220F9B75A51 /* Pods-FBook.debug.xcconfig */,
				280B89C4A92589F03480A812 /* Pods-FBook.release.xcconfig */,
				CDA0389DECFAD21548DD9198 /* Pods-FBookTests.debug.xcconfig */,
				B25D5DC6B1ED2B28EAB4D7AC /* Pods-FBookTests.release.xcconfig */,
				16187A60E72AAEC10C6BDADA /* Pods-FBookUITests.debug.xcconfig */,
				FEF6286C009F1B08335662F4 /* Pods-FBookUITests.release.xcconfig */,
			);
			name = Pods;
			sourceTree = "<group>";
		};
		4B8F9BD41F6A632300B74769 /* Cells */ = {
			isa = PBXGroup;
			children = (
				4B8F9BD51F6A633900B74769 /* UserReviewTableViewCell.swift */,
				4B8F9BD61F6A633900B74769 /* UserReviewTableViewCell.xib */,
				4B8F9BD91F6A711100B74769 /* BasicDetailTableViewCell.swift */,
				4B8F9BDA1F6A711100B74769 /* BasicDetailTableViewCell.xib */,
			);
			path = Cells;
			sourceTree = "<group>";
		};
		4B8F9BDF1F6A79F900B74769 /* Headers */ = {
			isa = PBXGroup;
			children = (
				4B8F9BE01F6A7AF200B74769 /* BookDetailHeaderView.swift */,
				4B8F9BE21F6A7B5700B74769 /* BookDetailHeaderView.xib */,
			);
			path = Headers;
			sourceTree = "<group>";
		};
		4BACDBBD1F67703900881AA0 /* BookDetail */ = {
			isa = PBXGroup;
			children = (
				4B8F9BDF1F6A79F900B74769 /* Headers */,
				4B8F9BD41F6A632300B74769 /* Cells */,
				4BACDBBE1F67704A00881AA0 /* BookDetail.storyboard */,
				4BAB823E1F678E4000E52FB1 /* BookDetailViewController.swift */,
				4BAB82401F678E5900E52FB1 /* BookDetailPresenter.swift */,
				4BAB82421F678E8D00E52FB1 /* BookDetailViewRouter.swift */,
				4BAB82441F678EA300E52FB1 /* BookDetailConfigurator.swift */,
			);
			path = BookDetail;
			sourceTree = "<group>";
		};
		772614971F666BAD004D6943 /* Book */ = {
			isa = PBXGroup;
			children = (
				772614B21F669264004D6943 /* BookCollectionViewCell.swift */,
				772614B31F669264004D6943 /* BookCollectionViewCell.xib */,
			);
			path = Book;
			sourceTree = "<group>";
		};
		77A6EAC11F68C05300EE384B /* MenuSetting */ = {
			isa = PBXGroup;
			children = (
				77A6EAC51F68C05300EE384B /* MenuSettingViewController.swift */,
				77A6EAC61F68C05300EE384B /* MenuSettingViewController.xib */,
				77A6EAC31F68C05300EE384B /* MenuSettingPresenter.swift */,
				77A6EAC21F68C05300EE384B /* MenuSettingConfigurator.swift */,
				77A6EAC41F68C05300EE384B /* MenuSettingRouter.swift */,
			);
			path = MenuSetting;
			sourceTree = "<group>";
		};
		77A76EDF1F62956F008601E2 /* Home */ = {
			isa = PBXGroup;
			children = (
				772614931F6637AD004D6943 /* Home.storyboard */,
				77A76EEA1F629602008601E2 /* HomeViewController.swift */,
				77A76EE81F629602008601E2 /* HomeConfigurator.swift */,
				77A76EE91F629602008601E2 /* HomePresenter.swift */,
				77A76EEB1F629602008601E2 /* HomeViewRouter.swift */,
				77A76EF41F629D1D008601E2 /* Cells */,
			);
			path = Home;
			sourceTree = "<group>";
		};
		77A76EF41F629D1D008601E2 /* Cells */ = {
			isa = PBXGroup;
			children = (
				772614A61F669259004D6943 /* HomeTableViewCell.swift */,
				772614A71F669259004D6943 /* HomeTableViewCell.xib */,
				772614A11F669259004D6943 /* HomeCellPresenter.swift */,
				772614A01F669259004D6943 /* HomeCellConfigurator.swift */,
				772614A21F669259004D6943 /* HomeHeader.xib */,
				772614A31F669259004D6943 /* HomeHeaderConfigurator.swift */,
				772614A41F669259004D6943 /* HomeHeaderPresenter.swift */,
				772614A51F669259004D6943 /* HomeHeaderView.swift */,
			);
			path = Cells;
			sourceTree = "<group>";
		};
		77B45D181F6933FD001CB466 /* SectionBook */ = {
			isa = PBXGroup;
			children = (
				77B45D191F693486001CB466 /* SectionBookViewController.swift */,
				77B45D1B1F693494001CB466 /* SectionBookPresenter.swift */,
				77B45D1D1F6934A1001CB466 /* SectionBookConfigurator.swift */,
				77B45D1F1F6934B5001CB466 /* SectionBookRouter.swift */,
			);
			path = SectionBook;
			sourceTree = "<group>";
		};
		77DECCB31F623E31007E32F5 /* Scenes */ = {
			isa = PBXGroup;
			children = (
				77B45D181F6933FD001CB466 /* SectionBook */,
				D5CD98F51F6A13840074BC01 /* Notification */,
				4BACDBBD1F67703900881AA0 /* BookDetail */,
				D543F05C1F6249BA005EB1A3 /* Account */,
				11076EA61F6285AD002AA6D5 /* Search */,
				77A76EDF1F62956F008601E2 /* Home */,
				77DECCB41F623E31007E32F5 /* Login */,
				77DECCC21F624F9B007E32F5 /* ForgotPassword */,
				772614971F666BAD004D6943 /* Book */,
				77A6EAC11F68C05300EE384B /* MenuSetting */,
			);
			path = Scenes;
			sourceTree = "<group>";
		};
		77DECCB41F623E31007E32F5 /* Login */ = {
			isa = PBXGroup;
			children = (
				77DECCB51F623E31007E32F5 /* Login.storyboard */,
				77DECCB71F623E31007E32F5 /* LoginViewController.swift */,
				77DECCB61F623E31007E32F5 /* LoginPresenter.swift */,
				77DECCC01F6247C7007E32F5 /* LoginViewRouter.swift */,
				77DECCBE1F62478B007E32F5 /* LoginConfigurator.swift */,
			);
			path = Login;
			sourceTree = "<group>";
		};
		77DECCC21F624F9B007E32F5 /* ForgotPassword */ = {
			isa = PBXGroup;
			children = (
				77DECCC31F624FFC007E32F5 /* ForgotPasswordViewController.swift */,
				77DECCC51F62500F007E32F5 /* ForgotPasswordPresenter.swift */,
				77DECCC71F625022007E32F5 /* ForgotPasswordViewRouter.swift */,
				77DECCC91F625030007E32F5 /* ForgotPasswordConfigurator.swift */,
			);
			path = ForgotPassword;
			sourceTree = "<group>";
		};
		77F59FD91F5F9B1F0074A5DB = {
			isa = PBXGroup;
			children = (
				77F59FE41F5F9B1F0074A5DB /* FBook */,
				77F59FF91F5F9B1F0074A5DB /* FBookTests */,
				77F5A0041F5F9B1F0074A5DB /* FBookUITests */,
				77F59FE31F5F9B1F0074A5DB /* Products */,
				33D3A30A1C72233E5E849755 /* Pods */,
				D1102CD32C6B7D69F43EB89C /* Frameworks */,
			);
			sourceTree = "<group>";
		};
		77F59FE31F5F9B1F0074A5DB /* Products */ = {
			isa = PBXGroup;
			children = (
				77F59FE21F5F9B1F0074A5DB /* FBook.app */,
				77F59FF61F5F9B1F0074A5DB /* FBookTests.xctest */,
				77F5A0011F5F9B1F0074A5DB /* FBookUITests.xctest */,
			);
			name = Products;
			sourceTree = "<group>";
		};
		77F59FE41F5F9B1F0074A5DB /* FBook */ = {
			isa = PBXGroup;
			children = (
				77F59FE51F5F9B1F0074A5DB /* AppDelegate.swift */,
				77DECCB31F623E31007E32F5 /* Scenes */,
				22E076A01F61BDC300869A05 /* Extensions */,
				77F5A02D1F5FE03C0074A5DB /* BaseController */,
				77F5A0221F5FDEBC0074A5DB /* Models */,
				77F5A0181F5FDAA40074A5DB /* Services */,
				77F5A0151F5FDA400074A5DB /* Helpers */,
				77F59FEC1F5F9B1F0074A5DB /* Assets.xcassets */,
				77F59FEE1F5F9B1F0074A5DB /* LaunchScreen.storyboard */,
				77F59FF11F5F9B1F0074A5DB /* Info.plist */,
			);
			path = FBook;
			sourceTree = "<group>";
		};
		77F59FF91F5F9B1F0074A5DB /* FBookTests */ = {
			isa = PBXGroup;
			children = (
				77F59FFA1F5F9B1F0074A5DB /* FBookTests.swift */,
				77F59FFC1F5F9B1F0074A5DB /* Info.plist */,
			);
			path = FBookTests;
			sourceTree = "<group>";
		};
		77F5A0041F5F9B1F0074A5DB /* FBookUITests */ = {
			isa = PBXGroup;
			children = (
				77F5A0051F5F9B1F0074A5DB /* FBookUITests.swift */,
				77F5A0071F5F9B1F0074A5DB /* Info.plist */,
			);
			path = FBookUITests;
			sourceTree = "<group>";
		};
		77F5A0151F5FDA400074A5DB /* Helpers */ = {
			isa = PBXGroup;
			children = (
				77F5A0191F5FDAC80074A5DB /* Constants.swift */,
				77F5A01B1F5FDB2D0074A5DB /* Utility.swift */,
				77A76E441F627EB1008601E2 /* AlertHelper.swift */,
				4B8089C81F6A854B0072E0BB /* TimeFormatter.swift */,
			);
			path = Helpers;
			sourceTree = "<group>";
		};
		77F5A0181F5FDAA40074A5DB /* Services */ = {
			isa = PBXGroup;
			children = (
				11712DB71F6A0E260093C5FF /* RequestModels */,
				77F5A01F1F5FDDEC0074A5DB /* API */,
			);
			path = Services;
			sourceTree = "<group>";
		};
		77F5A01F1F5FDDEC0074A5DB /* API */ = {
			isa = PBXGroup;
			children = (
				77F5A0401F60071B0074A5DB /* API.swift */,
				77F5A03C1F5FF8650074A5DB /* ApiProvider.swift */,
				22C480621F6043F800DB7A4C /* BaseProvider.swift */,
				22C480641F60445A00DB7A4C /* AuthenticationProvider.swift */,
				224C0F281F604808007BEA04 /* UsersProvider.swift */,
				224C0F2C1F604C10007BEA04 /* OfficeProvider.swift */,
				77F4E26B1F60F32100C68BA8 /* HomeProvider.swift */,
				77F4E26D1F60F73E00C68BA8 /* BookProvider.swift */,
				77F5A0251F5FDF340074A5DB /* NetworkReachability.swift */,
			);
			path = API;
			sourceTree = "<group>";
		};
		77F5A0221F5FDEBC0074A5DB /* Models */ = {
			isa = PBXGroup;
			children = (
				77F5A0231F5FDEC50074A5DB /* ObjectResponse.swift */,
				22C480601F6040A400DB7A4C /* User.swift */,
				224C0F2A1F604B86007BEA04 /* Office.swift */,
				77F4E2691F60F28E00C68BA8 /* SectionBook.swift */,
				77F4E2611F60E27A00C68BA8 /* Book.swift */,
				77F4E2631F60E7DB00C68BA8 /* Review.swift */,
				77F4E2651F60EB4300C68BA8 /* Category.swift */,
				77F4E2671F60F02500C68BA8 /* Media.swift */,
				114F9C341F68C5A60098674E /* ListItems.swift */,
				D5CD99031F6A8A020074BC01 /* Notification.swift */,
			);
			path = Models;
			sourceTree = "<group>";
		};
		77F5A02D1F5FE03C0074A5DB /* BaseController */ = {
			isa = PBXGroup;
			children = (
				77F5A0301F5FE0630074A5DB /* BaseViewController.swift */,
				77A6EACE1F68C06500EE384B /* BaseViewPresenter.swift */,
				77A6EACD1F68C06500EE384B /* BaseViewConfigurator.swift */,
				77A6EACC1F68C06500EE384B /* BaseViewRouter.swift */,
				77F5A0321F5FE0960074A5DB /* BaseNavigationController.swift */,
				77F5A0341F5FE0B90074A5DB /* BaseTabBarController.swift */,
			);
			path = BaseController;
			sourceTree = "<group>";
		};
		D1102CD32C6B7D69F43EB89C /* Frameworks */ = {
			isa = PBXGroup;
			children = (
				93B87F1A25FE163B3B4DFFD4 /* Pods_FBook.framework */,
				DE86A6CBBAFF37FC4EEBB418 /* Pods_FBookTests.framework */,
				8B0C30664FE5265A54D7B243 /* Pods_FBookUITests.framework */,
			);
			name = Frameworks;
			sourceTree = "<group>";
		};
		D543F05C1F6249BA005EB1A3 /* Account */ = {
			isa = PBXGroup;
			children = (
				D5915FA21F6F720E0058E546 /* FavoriteCategories */,
				D5915FA11F6F71AC0058E546 /* Profile */,
				D5915FA01F6F71680058E546 /* Following */,
				D5915F9F1F6F70EB0058E546 /* Followers */,
				D559AF3B1F67898800F0ABF7 /* Cells */,
				D5DB475A1F5FCABC0042B809 /* AccountViewController.swift */,
				D5DB47581F5FCA7A0042B809 /* AccountScreen.storyboard */,
				D56313C71F629B9100BEDFE4 /* AccountPresenter.swift */,
				D56313C91F629DD600BEDFE4 /* AccountConfigurator.swift */,
			);
			path = Account;
			sourceTree = "<group>";
		};
		D559AF3B1F67898800F0ABF7 /* Cells */ = {
			isa = PBXGroup;
			children = (
				D57D40E01F665449009F0801 /* CategoryTableViewCell.swift */,
				D5915F9B1F6F69180058E546 /* FollowingTableViewCell.swift */,
				D5915F9D1F6F69290058E546 /* FollowerTableViewCell.swift */,
			);
			path = Cells;
			sourceTree = "<group>";
		};
		D5915F9F1F6F70EB0058E546 /* Followers */ = {
			isa = PBXGroup;
			children = (
				D5915F991F6F68110058E546 /* FollowersViewController.swift */,
			);
			path = Followers;
			sourceTree = "<group>";
		};
		D5915FA01F6F71680058E546 /* Following */ = {
			isa = PBXGroup;
			children = (
				D5915F971F6F67F70058E546 /* FollowingViewController.swift */,
			);
			path = Following;
			sourceTree = "<group>";
		};
		D5915FA11F6F71AC0058E546 /* Profile */ = {
			isa = PBXGroup;
			children = (
				D5DB475E1F5FCF090042B809 /* ProfileViewController.swift */,
				D56313C31F62938F00BEDFE4 /* ProfileConfigurator.swift */,
				D56313C51F62943900BEDFE4 /* ProfilePresenter.swift */,
			);
			path = Profile;
			sourceTree = "<group>";
		};
		D5915FA21F6F720E0058E546 /* FavoriteCategories */ = {
			isa = PBXGroup;
			children = (
				D57D40E21F666D91009F0801 /* FavoriteCategoriesConfigurator.swift */,
				D57D40E41F666DA3009F0801 /* FavoriteCategoriesPresenter.swift */,
				D559AF391F67808400F0ABF7 /* FavoriteCategoriesViewController.swift */,
			);
			path = FavoriteCategories;
			sourceTree = "<group>";
		};
		D5CD98F51F6A13840074BC01 /* Notification */ = {
			isa = PBXGroup;
			children = (
				D5CD98FE1F6A186C0074BC01 /* Cells */,
				D5CD98F61F6A14170074BC01 /* NotificationViewController.swift */,
				D5CD98F81F6A14310074BC01 /* Notification.storyboard */,
				D5CD98FA1F6A14EB0074BC01 /* NotificationPresenter.swift */,
				D5CD98FC1F6A15000074BC01 /* NotificationConfigurator.swift */,
			);
			path = Notification;
			sourceTree = "<group>";
		};
		D5CD98FE1F6A186C0074BC01 /* Cells */ = {
			isa = PBXGroup;
			children = (
				D5CD98FF1F6A18AC0074BC01 /* NotificationTableViewCell.swift */,
			);
			path = Cells;
			sourceTree = "<group>";
		};
/* End PBXGroup section */

/* Begin PBXNativeTarget section */
		77F59FE11F5F9B1F0074A5DB /* FBook */ = {
			isa = PBXNativeTarget;
			buildConfigurationList = 77F5A00A1F5F9B1F0074A5DB /* Build configuration list for PBXNativeTarget "FBook" */;
			buildPhases = (
				64E0DC4EE189E04CF83BE37B /* [CP] Check Pods Manifest.lock */,
				77F59FDE1F5F9B1F0074A5DB /* Sources */,
				77F59FDF1F5F9B1F0074A5DB /* Frameworks */,
				77F59FE01F5F9B1F0074A5DB /* Resources */,
				DD57A58A3E3E46B50D6407D4 /* [CP] Embed Pods Frameworks */,
				5D1947B02EB014247131DBDA /* [CP] Copy Pods Resources */,
				77F5A0141F5F9CCF0074A5DB /* ShellScript */,
			);
			buildRules = (
			);
			dependencies = (
			);
			name = FBook;
			productName = FBook;
			productReference = 77F59FE21F5F9B1F0074A5DB /* FBook.app */;
			productType = "com.apple.product-type.application";
		};
		77F59FF51F5F9B1F0074A5DB /* FBookTests */ = {
			isa = PBXNativeTarget;
			buildConfigurationList = 77F5A00D1F5F9B1F0074A5DB /* Build configuration list for PBXNativeTarget "FBookTests" */;
			buildPhases = (
				832D69B252248027DA7C7036 /* [CP] Check Pods Manifest.lock */,
				77F59FF21F5F9B1F0074A5DB /* Sources */,
				77F59FF31F5F9B1F0074A5DB /* Frameworks */,
				77F59FF41F5F9B1F0074A5DB /* Resources */,
				000BD1087DCD491070BD5A97 /* [CP] Embed Pods Frameworks */,
				0C028AB94A070751926CA99D /* [CP] Copy Pods Resources */,
			);
			buildRules = (
			);
			dependencies = (
				77F59FF81F5F9B1F0074A5DB /* PBXTargetDependency */,
			);
			name = FBookTests;
			productName = FBookTests;
			productReference = 77F59FF61F5F9B1F0074A5DB /* FBookTests.xctest */;
			productType = "com.apple.product-type.bundle.unit-test";
		};
		77F5A0001F5F9B1F0074A5DB /* FBookUITests */ = {
			isa = PBXNativeTarget;
			buildConfigurationList = 77F5A0101F5F9B1F0074A5DB /* Build configuration list for PBXNativeTarget "FBookUITests" */;
			buildPhases = (
				FFDA6E3426C5E9A17FDA4410 /* [CP] Check Pods Manifest.lock */,
				77F59FFD1F5F9B1F0074A5DB /* Sources */,
				77F59FFE1F5F9B1F0074A5DB /* Frameworks */,
				77F59FFF1F5F9B1F0074A5DB /* Resources */,
				874F2F142A4FA15E1EF23A06 /* [CP] Embed Pods Frameworks */,
				6BA7FB357913453C8E850BE5 /* [CP] Copy Pods Resources */,
			);
			buildRules = (
			);
			dependencies = (
				77F5A0031F5F9B1F0074A5DB /* PBXTargetDependency */,
			);
			name = FBookUITests;
			productName = FBookUITests;
			productReference = 77F5A0011F5F9B1F0074A5DB /* FBookUITests.xctest */;
			productType = "com.apple.product-type.bundle.ui-testing";
		};
/* End PBXNativeTarget section */

/* Begin PBXProject section */
		77F59FDA1F5F9B1F0074A5DB /* Project object */ = {
			isa = PBXProject;
			attributes = {
				LastSwiftUpdateCheck = 0830;
				LastUpgradeCheck = 0830;
				ORGANIZATIONNAME = Framgia;
				TargetAttributes = {
					77F59FE11F5F9B1F0074A5DB = {
						CreatedOnToolsVersion = 8.3.3;
						ProvisioningStyle = Manual;
					};
					77F59FF51F5F9B1F0074A5DB = {
						CreatedOnToolsVersion = 8.3.3;
						ProvisioningStyle = Automatic;
						TestTargetID = 77F59FE11F5F9B1F0074A5DB;
					};
					77F5A0001F5F9B1F0074A5DB = {
						CreatedOnToolsVersion = 8.3.3;
						ProvisioningStyle = Automatic;
						TestTargetID = 77F59FE11F5F9B1F0074A5DB;
					};
				};
			};
			buildConfigurationList = 77F59FDD1F5F9B1F0074A5DB /* Build configuration list for PBXProject "FBook" */;
			compatibilityVersion = "Xcode 3.2";
			developmentRegion = English;
			hasScannedForEncodings = 0;
			knownRegions = (
				en,
				Base,
			);
			mainGroup = 77F59FD91F5F9B1F0074A5DB;
			productRefGroup = 77F59FE31F5F9B1F0074A5DB /* Products */;
			projectDirPath = "";
			projectRoot = "";
			targets = (
				77F59FE11F5F9B1F0074A5DB /* FBook */,
				77F59FF51F5F9B1F0074A5DB /* FBookTests */,
				77F5A0001F5F9B1F0074A5DB /* FBookUITests */,
			);
		};
/* End PBXProject section */

/* Begin PBXResourcesBuildPhase section */
		77F59FE01F5F9B1F0074A5DB /* Resources */ = {
			isa = PBXResourcesBuildPhase;
			buildActionMask = 2147483647;
			files = (
				77A6EACB1F68C05300EE384B /* MenuSettingViewController.xib in Resources */,
				D5DB47591F5FCA7A0042B809 /* AccountScreen.storyboard in Resources */,
				4B8F9BE31F6A7B5700B74769 /* BookDetailHeaderView.xib in Resources */,
				77F59FF01F5F9B1F0074A5DB /* LaunchScreen.storyboard in Resources */,
				D5CD98F91F6A14310074BC01 /* Notification.storyboard in Resources */,
				772614941F6637AD004D6943 /* Home.storyboard in Resources */,
				772614B71F669264004D6943 /* BookCollectionViewCell.xib in Resources */,
				77F59FED1F5F9B1F0074A5DB /* Assets.xcassets in Resources */,
				4BACDBBF1F67704A00881AA0 /* BookDetail.storyboard in Resources */,
				77DECCB81F623E31007E32F5 /* Login.storyboard in Resources */,
				4B8F9BD81F6A633900B74769 /* UserReviewTableViewCell.xib in Resources */,
				11076EB21F628A07002AA6D5 /* Search.storyboard in Resources */,
				4B8F9BDC1F6A711100B74769 /* BasicDetailTableViewCell.xib in Resources */,
				772614AF1F669259004D6943 /* HomeTableViewCell.xib in Resources */,
				772614AA1F669259004D6943 /* HomeHeader.xib in Resources */,
			);
			runOnlyForDeploymentPostprocessing = 0;
		};
		77F59FF41F5F9B1F0074A5DB /* Resources */ = {
			isa = PBXResourcesBuildPhase;
			buildActionMask = 2147483647;
			files = (
			);
			runOnlyForDeploymentPostprocessing = 0;
		};
		77F59FFF1F5F9B1F0074A5DB /* Resources */ = {
			isa = PBXResourcesBuildPhase;
			buildActionMask = 2147483647;
			files = (
			);
			runOnlyForDeploymentPostprocessing = 0;
		};
/* End PBXResourcesBuildPhase section */

/* Begin PBXShellScriptBuildPhase section */
		000BD1087DCD491070BD5A97 /* [CP] Embed Pods Frameworks */ = {
			isa = PBXShellScriptBuildPhase;
			buildActionMask = 2147483647;
			files = (
			);
			inputPaths = (
			);
			name = "[CP] Embed Pods Frameworks";
			outputPaths = (
			);
			runOnlyForDeploymentPostprocessing = 0;
			shellPath = /bin/sh;
			shellScript = "\"${SRCROOT}/Pods/Target Support Files/Pods-FBookTests/Pods-FBookTests-frameworks.sh\"\n";
			showEnvVarsInLog = 0;
		};
		0C028AB94A070751926CA99D /* [CP] Copy Pods Resources */ = {
			isa = PBXShellScriptBuildPhase;
			buildActionMask = 2147483647;
			files = (
			);
			inputPaths = (
			);
			name = "[CP] Copy Pods Resources";
			outputPaths = (
			);
			runOnlyForDeploymentPostprocessing = 0;
			shellPath = /bin/sh;
			shellScript = "\"${SRCROOT}/Pods/Target Support Files/Pods-FBookTests/Pods-FBookTests-resources.sh\"\n";
			showEnvVarsInLog = 0;
		};
		5D1947B02EB014247131DBDA /* [CP] Copy Pods Resources */ = {
			isa = PBXShellScriptBuildPhase;
			buildActionMask = 2147483647;
			files = (
			);
			inputPaths = (
			);
			name = "[CP] Copy Pods Resources";
			outputPaths = (
			);
			runOnlyForDeploymentPostprocessing = 0;
			shellPath = /bin/sh;
			shellScript = "\"${SRCROOT}/Pods/Target Support Files/Pods-FBook/Pods-FBook-resources.sh\"\n";
			showEnvVarsInLog = 0;
		};
		64E0DC4EE189E04CF83BE37B /* [CP] Check Pods Manifest.lock */ = {
			isa = PBXShellScriptBuildPhase;
			buildActionMask = 2147483647;
			files = (
			);
			inputPaths = (
				"${PODS_PODFILE_DIR_PATH}/Podfile.lock",
				"${PODS_ROOT}/Manifest.lock",
			);
			name = "[CP] Check Pods Manifest.lock";
			outputPaths = (
				"$(DERIVED_FILE_DIR)/Pods-FBook-checkManifestLockResult.txt",
			);
			runOnlyForDeploymentPostprocessing = 0;
			shellPath = /bin/sh;
			shellScript = "diff \"${PODS_PODFILE_DIR_PATH}/Podfile.lock\" \"${PODS_ROOT}/Manifest.lock\" > /dev/null\nif [ $? != 0 ] ; then\n    # print error to STDERR\n    echo \"error: The sandbox is not in sync with the Podfile.lock. Run 'pod install' or update your CocoaPods installation.\" >&2\n    exit 1\nfi\n# This output is used by Xcode 'outputs' to avoid re-running this script phase.\necho \"SUCCESS\" > \"${SCRIPT_OUTPUT_FILE_0}\"\n";
			showEnvVarsInLog = 0;
		};
		6BA7FB357913453C8E850BE5 /* [CP] Copy Pods Resources */ = {
			isa = PBXShellScriptBuildPhase;
			buildActionMask = 2147483647;
			files = (
			);
			inputPaths = (
			);
			name = "[CP] Copy Pods Resources";
			outputPaths = (
			);
			runOnlyForDeploymentPostprocessing = 0;
			shellPath = /bin/sh;
			shellScript = "\"${SRCROOT}/Pods/Target Support Files/Pods-FBookUITests/Pods-FBookUITests-resources.sh\"\n";
			showEnvVarsInLog = 0;
		};
		77F5A0141F5F9CCF0074A5DB /* ShellScript */ = {
			isa = PBXShellScriptBuildPhase;
			buildActionMask = 2147483647;
			files = (
			);
			inputPaths = (
			);
			outputPaths = (
			);
			runOnlyForDeploymentPostprocessing = 0;
			shellPath = /bin/sh;
			shellScript = "\"${PODS_ROOT}/SwiftLint/swiftlint\"";
		};
		832D69B252248027DA7C7036 /* [CP] Check Pods Manifest.lock */ = {
			isa = PBXShellScriptBuildPhase;
			buildActionMask = 2147483647;
			files = (
			);
			inputPaths = (
				"${PODS_PODFILE_DIR_PATH}/Podfile.lock",
				"${PODS_ROOT}/Manifest.lock",
			);
			name = "[CP] Check Pods Manifest.lock";
			outputPaths = (
				"$(DERIVED_FILE_DIR)/Pods-FBookTests-checkManifestLockResult.txt",
			);
			runOnlyForDeploymentPostprocessing = 0;
			shellPath = /bin/sh;
			shellScript = "diff \"${PODS_PODFILE_DIR_PATH}/Podfile.lock\" \"${PODS_ROOT}/Manifest.lock\" > /dev/null\nif [ $? != 0 ] ; then\n    # print error to STDERR\n    echo \"error: The sandbox is not in sync with the Podfile.lock. Run 'pod install' or update your CocoaPods installation.\" >&2\n    exit 1\nfi\n# This output is used by Xcode 'outputs' to avoid re-running this script phase.\necho \"SUCCESS\" > \"${SCRIPT_OUTPUT_FILE_0}\"\n";
			showEnvVarsInLog = 0;
		};
		874F2F142A4FA15E1EF23A06 /* [CP] Embed Pods Frameworks */ = {
			isa = PBXShellScriptBuildPhase;
			buildActionMask = 2147483647;
			files = (
			);
			inputPaths = (
			);
			name = "[CP] Embed Pods Frameworks";
			outputPaths = (
			);
			runOnlyForDeploymentPostprocessing = 0;
			shellPath = /bin/sh;
			shellScript = "\"${SRCROOT}/Pods/Target Support Files/Pods-FBookUITests/Pods-FBookUITests-frameworks.sh\"\n";
			showEnvVarsInLog = 0;
		};
		DD57A58A3E3E46B50D6407D4 /* [CP] Embed Pods Frameworks */ = {
			isa = PBXShellScriptBuildPhase;
			buildActionMask = 2147483647;
			files = (
			);
			inputPaths = (
				"${SRCROOT}/Pods/Target Support Files/Pods-FBook/Pods-FBook-frameworks.sh",
				"${BUILT_PRODUCTS_DIR}/Alamofire/Alamofire.framework",
				"${BUILT_PRODUCTS_DIR}/Bolts/Bolts.framework",
				"${BUILT_PRODUCTS_DIR}/Cosmos/Cosmos.framework",
				"${BUILT_PRODUCTS_DIR}/DateToolsSwift/DateToolsSwift.framework",
				"${BUILT_PRODUCTS_DIR}/FBSDKCoreKit/FBSDKCoreKit.framework",
				"${BUILT_PRODUCTS_DIR}/FBSDKLoginKit/FBSDKLoginKit.framework",
				"${BUILT_PRODUCTS_DIR}/GoogleToolboxForMac/GoogleToolboxForMac.framework",
				"${BUILT_PRODUCTS_DIR}/Kingfisher/Kingfisher.framework",
				"${BUILT_PRODUCTS_DIR}/Moya/Moya.framework",
				"${BUILT_PRODUCTS_DIR}/ObjectMapper/ObjectMapper.framework",
				"${BUILT_PRODUCTS_DIR}/Permission/Permission.framework",
				"${BUILT_PRODUCTS_DIR}/Protobuf/Protobuf.framework",
				"${BUILT_PRODUCTS_DIR}/ReactiveCocoa/ReactiveCocoa.framework",
				"${BUILT_PRODUCTS_DIR}/ReactiveSwift/ReactiveSwift.framework",
				"${BUILT_PRODUCTS_DIR}/Result/Result.framework",
				"${BUILT_PRODUCTS_DIR}/RxCocoa/RxCocoa.framework",
				"${BUILT_PRODUCTS_DIR}/RxSwift/RxSwift.framework",
				"${BUILT_PRODUCTS_DIR}/SVProgressHUD/SVProgressHUD.framework",
				"${BUILT_PRODUCTS_DIR}/SwiftHEXColors/SwiftHEXColors.framework",
				"${BUILT_PRODUCTS_DIR}/TPKeyboardAvoiding/TPKeyboardAvoiding.framework",
				"${BUILT_PRODUCTS_DIR}/nanopb/nanopb.framework",
			);
			name = "[CP] Embed Pods Frameworks";
			outputPaths = (
				"${TARGET_BUILD_DIR}/${FRAMEWORKS_FOLDER_PATH}/Alamofire.framework",
				"${TARGET_BUILD_DIR}/${FRAMEWORKS_FOLDER_PATH}/Bolts.framework",
				"${TARGET_BUILD_DIR}/${FRAMEWORKS_FOLDER_PATH}/Cosmos.framework",
				"${TARGET_BUILD_DIR}/${FRAMEWORKS_FOLDER_PATH}/DateToolsSwift.framework",
				"${TARGET_BUILD_DIR}/${FRAMEWORKS_FOLDER_PATH}/FBSDKCoreKit.framework",
				"${TARGET_BUILD_DIR}/${FRAMEWORKS_FOLDER_PATH}/FBSDKLoginKit.framework",
				"${TARGET_BUILD_DIR}/${FRAMEWORKS_FOLDER_PATH}/GoogleToolboxForMac.framework",
				"${TARGET_BUILD_DIR}/${FRAMEWORKS_FOLDER_PATH}/Kingfisher.framework",
				"${TARGET_BUILD_DIR}/${FRAMEWORKS_FOLDER_PATH}/Moya.framework",
				"${TARGET_BUILD_DIR}/${FRAMEWORKS_FOLDER_PATH}/ObjectMapper.framework",
				"${TARGET_BUILD_DIR}/${FRAMEWORKS_FOLDER_PATH}/Permission.framework",
				"${TARGET_BUILD_DIR}/${FRAMEWORKS_FOLDER_PATH}/Protobuf.framework",
				"${TARGET_BUILD_DIR}/${FRAMEWORKS_FOLDER_PATH}/ReactiveCocoa.framework",
				"${TARGET_BUILD_DIR}/${FRAMEWORKS_FOLDER_PATH}/ReactiveSwift.framework",
				"${TARGET_BUILD_DIR}/${FRAMEWORKS_FOLDER_PATH}/Result.framework",
				"${TARGET_BUILD_DIR}/${FRAMEWORKS_FOLDER_PATH}/RxCocoa.framework",
				"${TARGET_BUILD_DIR}/${FRAMEWORKS_FOLDER_PATH}/RxSwift.framework",
				"${TARGET_BUILD_DIR}/${FRAMEWORKS_FOLDER_PATH}/SVProgressHUD.framework",
				"${TARGET_BUILD_DIR}/${FRAMEWORKS_FOLDER_PATH}/SwiftHEXColors.framework",
				"${TARGET_BUILD_DIR}/${FRAMEWORKS_FOLDER_PATH}/TPKeyboardAvoiding.framework",
				"${TARGET_BUILD_DIR}/${FRAMEWORKS_FOLDER_PATH}/nanopb.framework",
			);
			runOnlyForDeploymentPostprocessing = 0;
			shellPath = /bin/sh;
			shellScript = "\"${SRCROOT}/Pods/Target Support Files/Pods-FBook/Pods-FBook-frameworks.sh\"\n";
			showEnvVarsInLog = 0;
		};
		FFDA6E3426C5E9A17FDA4410 /* [CP] Check Pods Manifest.lock */ = {
			isa = PBXShellScriptBuildPhase;
			buildActionMask = 2147483647;
			files = (
			);
			inputPaths = (
				"${PODS_PODFILE_DIR_PATH}/Podfile.lock",
				"${PODS_ROOT}/Manifest.lock",
			);
			name = "[CP] Check Pods Manifest.lock";
			outputPaths = (
				"$(DERIVED_FILE_DIR)/Pods-FBookUITests-checkManifestLockResult.txt",
			);
			runOnlyForDeploymentPostprocessing = 0;
			shellPath = /bin/sh;
			shellScript = "diff \"${PODS_PODFILE_DIR_PATH}/Podfile.lock\" \"${PODS_ROOT}/Manifest.lock\" > /dev/null\nif [ $? != 0 ] ; then\n    # print error to STDERR\n    echo \"error: The sandbox is not in sync with the Podfile.lock. Run 'pod install' or update your CocoaPods installation.\" >&2\n    exit 1\nfi\n# This output is used by Xcode 'outputs' to avoid re-running this script phase.\necho \"SUCCESS\" > \"${SCRIPT_OUTPUT_FILE_0}\"\n";
			showEnvVarsInLog = 0;
		};
/* End PBXShellScriptBuildPhase section */

/* Begin PBXSourcesBuildPhase section */
		77F59FDE1F5F9B1F0074A5DB /* Sources */ = {
			isa = PBXSourcesBuildPhase;
			buildActionMask = 2147483647;
			files = (
				D5915F981F6F67F70058E546 /* FollowingViewController.swift in Sources */,
				77A76E451F627EB1008601E2 /* AlertHelper.swift in Sources */,
				77F5A01C1F5FDB2D0074A5DB /* Utility.swift in Sources */,
				772614AE1F669259004D6943 /* HomeTableViewCell.swift in Sources */,
				77F4E2681F60F02500C68BA8 /* Media.swift in Sources */,
				D5915F9C1F6F69180058E546 /* FollowingTableViewCell.swift in Sources */,
				77F4E26C1F60F32100C68BA8 /* HomeProvider.swift in Sources */,
				77A6EAC81F68C05300EE384B /* MenuSettingPresenter.swift in Sources */,
				4B8F9BDE1F6A75BF00B74769 /* Array+Extensions.swift in Sources */,
				77A76EEC1F629602008601E2 /* HomeConfigurator.swift in Sources */,
				77DECCC81F625022007E32F5 /* ForgotPasswordViewRouter.swift in Sources */,
				22C480651F60445A00DB7A4C /* AuthenticationProvider.swift in Sources */,
				224C0F2B1F604B86007BEA04 /* Office.swift in Sources */,
				772614AC1F669259004D6943 /* HomeHeaderPresenter.swift in Sources */,
				11076EAE1F6286B4002AA6D5 /* SearchViewRouter.swift in Sources */,
				D5CD99001F6A18AC0074BC01 /* NotificationTableViewCell.swift in Sources */,
				7726148C1F6625AE004D6943 /* UIView+Extensions.swift in Sources */,
				D5CD98FB1F6A14EB0074BC01 /* NotificationPresenter.swift in Sources */,
				772614AB1F669259004D6943 /* HomeHeaderConfigurator.swift in Sources */,
				D5CD99041F6A8A020074BC01 /* Notification.swift in Sources */,
				77F5A0311F5FE0630074A5DB /* BaseViewController.swift in Sources */,
				224C0F2D1F604C10007BEA04 /* OfficeProvider.swift in Sources */,
				77F5A0261F5FDF340074A5DB /* NetworkReachability.swift in Sources */,
				77F59FE61F5F9B1F0074A5DB /* AppDelegate.swift in Sources */,
				D56313C61F62943900BEDFE4 /* ProfilePresenter.swift in Sources */,
				D5915F9A1F6F68110058E546 /* FollowersViewController.swift in Sources */,
				77F5A0241F5FDEC50074A5DB /* ObjectResponse.swift in Sources */,
				77F4E26E1F60F73E00C68BA8 /* BookProvider.swift in Sources */,
				77DECCBA1F623E31007E32F5 /* LoginViewController.swift in Sources */,
				4BAB82431F678E8D00E52FB1 /* BookDetailViewRouter.swift in Sources */,
				77F4E26A1F60F28E00C68BA8 /* SectionBook.swift in Sources */,
				117162B61F6B89600045A59E /* BookingBookParams.swift in Sources */,
				11712DB91F6A0E260093C5FF /* SearchBookParams.swift in Sources */,
				772614961F6660BB004D6943 /* UIImageView+Extensions.swift in Sources */,
				4B8F9BE11F6A7AF200B74769 /* BookDetailHeaderView.swift in Sources */,
				772614AD1F669259004D6943 /* HomeHeaderView.swift in Sources */,
				4BAB823F1F678E4000E52FB1 /* BookDetailViewController.swift in Sources */,
				77DECCC11F6247C7007E32F5 /* LoginViewRouter.swift in Sources */,
				4B8089C91F6A854B0072E0BB /* TimeFormatter.swift in Sources */,
				22C480631F6043F800DB7A4C /* BaseProvider.swift in Sources */,
				77A6EAC71F68C05300EE384B /* MenuSettingConfigurator.swift in Sources */,
				77A76EEF1F629602008601E2 /* HomeViewRouter.swift in Sources */,
				77F5A03D1F5FF8650074A5DB /* ApiProvider.swift in Sources */,
				4BAB82451F678EA300E52FB1 /* BookDetailConfigurator.swift in Sources */,
				77F4E2661F60EB4300C68BA8 /* Category.swift in Sources */,
				11076EA81F62867D002AA6D5 /* SearchViewController.swift in Sources */,
				11076EAC1F6286A4002AA6D5 /* SearchPresenter.swift in Sources */,
				77DECCCA1F625030007E32F5 /* ForgotPasswordConfigurator.swift in Sources */,
				77A76EED1F629602008601E2 /* HomePresenter.swift in Sources */,
				77F5A0331F5FE0960074A5DB /* BaseNavigationController.swift in Sources */,
				77B45D201F6934B5001CB466 /* SectionBookRouter.swift in Sources */,
				77A6EACA1F68C05300EE384B /* MenuSettingViewController.swift in Sources */,
				22E076A21F61BDD000869A05 /* String+Extensions.swift in Sources */,
				4B8F9BD71F6A633900B74769 /* UserReviewTableViewCell.swift in Sources */,
				77F5A0351F5FE0B90074A5DB /* BaseTabBarController.swift in Sources */,
				22C480611F6040A400DB7A4C /* User.swift in Sources */,
				22E076A61F61D15300869A05 /* Error+Extensions.swift in Sources */,
				77A6EAC91F68C05300EE384B /* MenuSettingRouter.swift in Sources */,
				D57D40E31F666D91009F0801 /* FavoriteCategoriesConfigurator.swift in Sources */,
				77B45D1A1F693486001CB466 /* SectionBookViewController.swift in Sources */,
				114F9C351F68C5A60098674E /* ListItems.swift in Sources */,
				77F4E2641F60E7DB00C68BA8 /* Review.swift in Sources */,
				77B45D1E1F6934A1001CB466 /* SectionBookConfigurator.swift in Sources */,
				D56313C41F62938F00BEDFE4 /* ProfileConfigurator.swift in Sources */,
				772614881F661ED4004D6943 /* UICollectionView+Extensions.swift in Sources */,
				77A6EAD01F68C06500EE384B /* BaseViewConfigurator.swift in Sources */,
				77F4E2621F60E27A00C68BA8 /* Book.swift in Sources */,
				77B45D1C1F693494001CB466 /* SectionBookPresenter.swift in Sources */,
				77A6EACF1F68C06500EE384B /* BaseViewRouter.swift in Sources */,
				D5CD98F71F6A14170074BC01 /* NotificationViewController.swift in Sources */,
				7726148A1F661F14004D6943 /* UINib+Extensions.swift in Sources */,
				D57D40E11F665449009F0801 /* CategoryTableViewCell.swift in Sources */,
				77DECCB91F623E31007E32F5 /* LoginPresenter.swift in Sources */,
				77F5A0411F60071B0074A5DB /* API.swift in Sources */,
				77DECCC41F624FFC007E32F5 /* ForgotPasswordViewController.swift in Sources */,
				D56313CA1F629DD600BEDFE4 /* AccountConfigurator.swift in Sources */,
				77F5A01A1F5FDAC80074A5DB /* Constants.swift in Sources */,
				77A6EAD11F68C06500EE384B /* BaseViewPresenter.swift in Sources */,
				772614A81F669259004D6943 /* HomeCellConfigurator.swift in Sources */,
				D57D40E51F666DA3009F0801 /* FavoriteCategoriesPresenter.swift in Sources */,
				D559AF3A1F67808400F0ABF7 /* FavoriteCategoriesViewController.swift in Sources */,
				D56313C81F629B9100BEDFE4 /* AccountPresenter.swift in Sources */,
				D5CD98FD1F6A15000074BC01 /* NotificationConfigurator.swift in Sources */,
				772614A91F669259004D6943 /* HomeCellPresenter.swift in Sources */,
				772614B61F669264004D6943 /* BookCollectionViewCell.swift in Sources */,
				11076EB41F6299DE002AA6D5 /* SearchBookCell.swift in Sources */,
				11076EB01F6286C0002AA6D5 /* SearchConfigurator.swift in Sources */,
				4BAB82411F678E5900E52FB1 /* BookDetailPresenter.swift in Sources */,
				D54028B01F6B73D60065F937 /* Date+Extensions.swift in Sources */,
				224C0F291F604808007BEA04 /* UsersProvider.swift in Sources */,
				D5915F9E1F6F69290058E546 /* FollowerTableViewCell.swift in Sources */,
				77A76EEE1F629602008601E2 /* HomeViewController.swift in Sources */,
				772614861F661EC8004D6943 /* UITableView+Extensions.swift in Sources */,
				77DECCC61F62500F007E32F5 /* ForgotPasswordPresenter.swift in Sources */,
				7703B3561F6A396A00CDF69D /* UIStoryboard+Extensions.swift in Sources */,
				D5DB475F1F5FCF090042B809 /* ProfileViewController.swift in Sources */,
				4B8F9BDB1F6A711100B74769 /* BasicDetailTableViewCell.swift in Sources */,
				77DECCBF1F62478B007E32F5 /* LoginConfigurator.swift in Sources */,
				D5DB475C1F5FCABC0042B809 /* AccountViewController.swift in Sources */,
			);
			runOnlyForDeploymentPostprocessing = 0;
		};
		77F59FF21F5F9B1F0074A5DB /* Sources */ = {
			isa = PBXSourcesBuildPhase;
			buildActionMask = 2147483647;
			files = (
				77F59FFB1F5F9B1F0074A5DB /* FBookTests.swift in Sources */,
			);
			runOnlyForDeploymentPostprocessing = 0;
		};
		77F59FFD1F5F9B1F0074A5DB /* Sources */ = {
			isa = PBXSourcesBuildPhase;
			buildActionMask = 2147483647;
			files = (
				77F5A0061F5F9B1F0074A5DB /* FBookUITests.swift in Sources */,
			);
			runOnlyForDeploymentPostprocessing = 0;
		};
/* End PBXSourcesBuildPhase section */

/* Begin PBXTargetDependency section */
		77F59FF81F5F9B1F0074A5DB /* PBXTargetDependency */ = {
			isa = PBXTargetDependency;
			target = 77F59FE11F5F9B1F0074A5DB /* FBook */;
			targetProxy = 77F59FF71F5F9B1F0074A5DB /* PBXContainerItemProxy */;
		};
		77F5A0031F5F9B1F0074A5DB /* PBXTargetDependency */ = {
			isa = PBXTargetDependency;
			target = 77F59FE11F5F9B1F0074A5DB /* FBook */;
			targetProxy = 77F5A0021F5F9B1F0074A5DB /* PBXContainerItemProxy */;
		};
/* End PBXTargetDependency section */

/* Begin PBXVariantGroup section */
		77F59FEE1F5F9B1F0074A5DB /* LaunchScreen.storyboard */ = {
			isa = PBXVariantGroup;
			children = (
				77F59FEF1F5F9B1F0074A5DB /* Base */,
			);
			name = LaunchScreen.storyboard;
			sourceTree = "<group>";
		};
/* End PBXVariantGroup section */

/* Begin XCBuildConfiguration section */
		77F5A0081F5F9B1F0074A5DB /* Debug */ = {
			isa = XCBuildConfiguration;
			buildSettings = {
				ALWAYS_SEARCH_USER_PATHS = NO;
				CLANG_ANALYZER_NONNULL = YES;
				CLANG_ANALYZER_NUMBER_OBJECT_CONVERSION = YES_AGGRESSIVE;
				CLANG_CXX_LANGUAGE_STANDARD = "gnu++0x";
				CLANG_CXX_LIBRARY = "libc++";
				CLANG_ENABLE_MODULES = YES;
				CLANG_ENABLE_OBJC_ARC = YES;
				CLANG_WARN_BOOL_CONVERSION = YES;
				CLANG_WARN_CONSTANT_CONVERSION = YES;
				CLANG_WARN_DIRECT_OBJC_ISA_USAGE = YES_ERROR;
				CLANG_WARN_DOCUMENTATION_COMMENTS = YES;
				CLANG_WARN_EMPTY_BODY = YES;
				CLANG_WARN_ENUM_CONVERSION = YES;
				CLANG_WARN_INFINITE_RECURSION = YES;
				CLANG_WARN_INT_CONVERSION = YES;
				CLANG_WARN_OBJC_ROOT_CLASS = YES_ERROR;
				CLANG_WARN_SUSPICIOUS_MOVE = YES;
				CLANG_WARN_UNREACHABLE_CODE = YES;
				CLANG_WARN__DUPLICATE_METHOD_MATCH = YES;
				"CODE_SIGN_IDENTITY[sdk=iphoneos*]" = "iPhone Developer";
				COPY_PHASE_STRIP = NO;
				DEBUG_INFORMATION_FORMAT = dwarf;
				ENABLE_STRICT_OBJC_MSGSEND = YES;
				ENABLE_TESTABILITY = YES;
				GCC_C_LANGUAGE_STANDARD = gnu99;
				GCC_DYNAMIC_NO_PIC = NO;
				GCC_NO_COMMON_BLOCKS = YES;
				GCC_OPTIMIZATION_LEVEL = 0;
				GCC_PREPROCESSOR_DEFINITIONS = (
					"DEBUG=1",
					"$(inherited)",
				);
				GCC_WARN_64_TO_32_BIT_CONVERSION = YES;
				GCC_WARN_ABOUT_RETURN_TYPE = YES_ERROR;
				GCC_WARN_UNDECLARED_SELECTOR = YES;
				GCC_WARN_UNINITIALIZED_AUTOS = YES_AGGRESSIVE;
				GCC_WARN_UNUSED_FUNCTION = YES;
				GCC_WARN_UNUSED_VARIABLE = YES;
				IPHONEOS_DEPLOYMENT_TARGET = 10.3;
				MTL_ENABLE_DEBUG_INFO = YES;
				ONLY_ACTIVE_ARCH = YES;
				SDKROOT = iphoneos;
				SWIFT_ACTIVE_COMPILATION_CONDITIONS = DEBUG;
				SWIFT_OPTIMIZATION_LEVEL = "-Onone";
				TARGETED_DEVICE_FAMILY = "1,2";
			};
			name = Debug;
		};
		77F5A0091F5F9B1F0074A5DB /* Release */ = {
			isa = XCBuildConfiguration;
			buildSettings = {
				ALWAYS_SEARCH_USER_PATHS = NO;
				CLANG_ANALYZER_NONNULL = YES;
				CLANG_ANALYZER_NUMBER_OBJECT_CONVERSION = YES_AGGRESSIVE;
				CLANG_CXX_LANGUAGE_STANDARD = "gnu++0x";
				CLANG_CXX_LIBRARY = "libc++";
				CLANG_ENABLE_MODULES = YES;
				CLANG_ENABLE_OBJC_ARC = YES;
				CLANG_WARN_BOOL_CONVERSION = YES;
				CLANG_WARN_CONSTANT_CONVERSION = YES;
				CLANG_WARN_DIRECT_OBJC_ISA_USAGE = YES_ERROR;
				CLANG_WARN_DOCUMENTATION_COMMENTS = YES;
				CLANG_WARN_EMPTY_BODY = YES;
				CLANG_WARN_ENUM_CONVERSION = YES;
				CLANG_WARN_INFINITE_RECURSION = YES;
				CLANG_WARN_INT_CONVERSION = YES;
				CLANG_WARN_OBJC_ROOT_CLASS = YES_ERROR;
				CLANG_WARN_SUSPICIOUS_MOVE = YES;
				CLANG_WARN_UNREACHABLE_CODE = YES;
				CLANG_WARN__DUPLICATE_METHOD_MATCH = YES;
				"CODE_SIGN_IDENTITY[sdk=iphoneos*]" = "iPhone Developer";
				COPY_PHASE_STRIP = NO;
				DEBUG_INFORMATION_FORMAT = "dwarf-with-dsym";
				ENABLE_NS_ASSERTIONS = NO;
				ENABLE_STRICT_OBJC_MSGSEND = YES;
				GCC_C_LANGUAGE_STANDARD = gnu99;
				GCC_NO_COMMON_BLOCKS = YES;
				GCC_WARN_64_TO_32_BIT_CONVERSION = YES;
				GCC_WARN_ABOUT_RETURN_TYPE = YES_ERROR;
				GCC_WARN_UNDECLARED_SELECTOR = YES;
				GCC_WARN_UNINITIALIZED_AUTOS = YES_AGGRESSIVE;
				GCC_WARN_UNUSED_FUNCTION = YES;
				GCC_WARN_UNUSED_VARIABLE = YES;
				IPHONEOS_DEPLOYMENT_TARGET = 10.3;
				MTL_ENABLE_DEBUG_INFO = NO;
				SDKROOT = iphoneos;
				SWIFT_OPTIMIZATION_LEVEL = "-Owholemodule";
				TARGETED_DEVICE_FAMILY = "1,2";
				VALIDATE_PRODUCT = YES;
			};
			name = Release;
		};
		77F5A00B1F5F9B1F0074A5DB /* Debug */ = {
			isa = XCBuildConfiguration;
			baseConfigurationReference = B416ACA6FFCD9220F9B75A51 /* Pods-FBook.debug.xcconfig */;
			buildSettings = {
				ASSETCATALOG_COMPILER_APPICON_NAME = AppIcon;
				"CODE_SIGN_IDENTITY[sdk=iphoneos*]" = "iPhone Developer";
				DEVELOPMENT_TEAM = "";
				INFOPLIST_FILE = FBook/Info.plist;
				IPHONEOS_DEPLOYMENT_TARGET = 9.0;
				LD_RUNPATH_SEARCH_PATHS = "$(inherited) @executable_path/Frameworks";
				PRODUCT_BUNDLE_IDENTIFIER = com.framgia.fbook;
				PRODUCT_NAME = "$(TARGET_NAME)";
				PROVISIONING_PROFILE_SPECIFIER = "";
				SWIFT_VERSION = 3.0;
				TARGETED_DEVICE_FAMILY = 1;
			};
			name = Debug;
		};
		77F5A00C1F5F9B1F0074A5DB /* Release */ = {
			isa = XCBuildConfiguration;
			baseConfigurationReference = 280B89C4A92589F03480A812 /* Pods-FBook.release.xcconfig */;
			buildSettings = {
				ASSETCATALOG_COMPILER_APPICON_NAME = AppIcon;
				"CODE_SIGN_IDENTITY[sdk=iphoneos*]" = "iPhone Developer";
				DEVELOPMENT_TEAM = "";
				INFOPLIST_FILE = FBook/Info.plist;
				IPHONEOS_DEPLOYMENT_TARGET = 9.0;
				LD_RUNPATH_SEARCH_PATHS = "$(inherited) @executable_path/Frameworks";
				PRODUCT_BUNDLE_IDENTIFIER = com.framgia.fbook;
				PRODUCT_NAME = "$(TARGET_NAME)";
				PROVISIONING_PROFILE_SPECIFIER = "";
				SWIFT_VERSION = 3.0;
				TARGETED_DEVICE_FAMILY = 1;
			};
			name = Release;
		};
		77F5A00E1F5F9B1F0074A5DB /* Debug */ = {
			isa = XCBuildConfiguration;
			baseConfigurationReference = CDA0389DECFAD21548DD9198 /* Pods-FBookTests.debug.xcconfig */;
			buildSettings = {
				ALWAYS_EMBED_SWIFT_STANDARD_LIBRARIES = YES;
				BUNDLE_LOADER = "$(TEST_HOST)";
				INFOPLIST_FILE = FBookTests/Info.plist;
				LD_RUNPATH_SEARCH_PATHS = "$(inherited) @executable_path/Frameworks @loader_path/Frameworks";
				PRODUCT_BUNDLE_IDENTIFIER = com.framgia.FBookTests;
				PRODUCT_NAME = "$(TARGET_NAME)";
				SWIFT_VERSION = 3.0;
				TEST_HOST = "$(BUILT_PRODUCTS_DIR)/FBook.app/FBook";
			};
			name = Debug;
		};
		77F5A00F1F5F9B1F0074A5DB /* Release */ = {
			isa = XCBuildConfiguration;
			baseConfigurationReference = B25D5DC6B1ED2B28EAB4D7AC /* Pods-FBookTests.release.xcconfig */;
			buildSettings = {
				ALWAYS_EMBED_SWIFT_STANDARD_LIBRARIES = YES;
				BUNDLE_LOADER = "$(TEST_HOST)";
				INFOPLIST_FILE = FBookTests/Info.plist;
				LD_RUNPATH_SEARCH_PATHS = "$(inherited) @executable_path/Frameworks @loader_path/Frameworks";
				PRODUCT_BUNDLE_IDENTIFIER = com.framgia.FBookTests;
				PRODUCT_NAME = "$(TARGET_NAME)";
				SWIFT_VERSION = 3.0;
				TEST_HOST = "$(BUILT_PRODUCTS_DIR)/FBook.app/FBook";
			};
			name = Release;
		};
		77F5A0111F5F9B1F0074A5DB /* Debug */ = {
			isa = XCBuildConfiguration;
			baseConfigurationReference = 16187A60E72AAEC10C6BDADA /* Pods-FBookUITests.debug.xcconfig */;
			buildSettings = {
				ALWAYS_EMBED_SWIFT_STANDARD_LIBRARIES = YES;
				INFOPLIST_FILE = FBookUITests/Info.plist;
				LD_RUNPATH_SEARCH_PATHS = "$(inherited) @executable_path/Frameworks @loader_path/Frameworks";
				PRODUCT_BUNDLE_IDENTIFIER = com.framgia.FBookUITests;
				PRODUCT_NAME = "$(TARGET_NAME)";
				SWIFT_VERSION = 3.0;
				TEST_TARGET_NAME = FBook;
			};
			name = Debug;
		};
		77F5A0121F5F9B1F0074A5DB /* Release */ = {
			isa = XCBuildConfiguration;
			baseConfigurationReference = FEF6286C009F1B08335662F4 /* Pods-FBookUITests.release.xcconfig */;
			buildSettings = {
				ALWAYS_EMBED_SWIFT_STANDARD_LIBRARIES = YES;
				INFOPLIST_FILE = FBookUITests/Info.plist;
				LD_RUNPATH_SEARCH_PATHS = "$(inherited) @executable_path/Frameworks @loader_path/Frameworks";
				PRODUCT_BUNDLE_IDENTIFIER = com.framgia.FBookUITests;
				PRODUCT_NAME = "$(TARGET_NAME)";
				SWIFT_VERSION = 3.0;
				TEST_TARGET_NAME = FBook;
			};
			name = Release;
		};
/* End XCBuildConfiguration section */

/* Begin XCConfigurationList section */
		77F59FDD1F5F9B1F0074A5DB /* Build configuration list for PBXProject "FBook" */ = {
			isa = XCConfigurationList;
			buildConfigurations = (
				77F5A0081F5F9B1F0074A5DB /* Debug */,
				77F5A0091F5F9B1F0074A5DB /* Release */,
			);
			defaultConfigurationIsVisible = 0;
			defaultConfigurationName = Release;
		};
		77F5A00A1F5F9B1F0074A5DB /* Build configuration list for PBXNativeTarget "FBook" */ = {
			isa = XCConfigurationList;
			buildConfigurations = (
				77F5A00B1F5F9B1F0074A5DB /* Debug */,
				77F5A00C1F5F9B1F0074A5DB /* Release */,
			);
			defaultConfigurationIsVisible = 0;
			defaultConfigurationName = Release;
		};
		77F5A00D1F5F9B1F0074A5DB /* Build configuration list for PBXNativeTarget "FBookTests" */ = {
			isa = XCConfigurationList;
			buildConfigurations = (
				77F5A00E1F5F9B1F0074A5DB /* Debug */,
				77F5A00F1F5F9B1F0074A5DB /* Release */,
			);
			defaultConfigurationIsVisible = 0;
			defaultConfigurationName = Release;
		};
		77F5A0101F5F9B1F0074A5DB /* Build configuration list for PBXNativeTarget "FBookUITests" */ = {
			isa = XCConfigurationList;
			buildConfigurations = (
				77F5A0111F5F9B1F0074A5DB /* Debug */,
				77F5A0121F5F9B1F0074A5DB /* Release */,
			);
			defaultConfigurationIsVisible = 0;
			defaultConfigurationName = Release;
		};
/* End XCConfigurationList section */
	};
	rootObject = 77F59FDA1F5F9B1F0074A5DB /* Project object */;
}
